
Microsoft Visual Studio Solution File, Format Version 12.00
# Visual Studio Version 17
VisualStudioVersion = 17.1.32210.238
MinimumVisualStudioVersion = 10.0.40219.1
Project("{9A19103F-16F7-4668-BE54-9A1E7A4F7556}") = "A71", "A71\A71.csproj", "{AC942BE1-2068-43E3-AC91-BEF97E16B5CC}"
EndProject
Project("{9A19103F-16F7-4668-BE54-9A1E7A4F7556}") = "A282", "A282\A282.csproj", "{9C39B84C-73B7-44C4-991F-E444424985CE}"
EndProject
Project("{9A19103F-16F7-4668-BE54-9A1E7A4F7556}") = "A263", "A263\A263.csproj", "{387F952C-F9A7-4BBC-AA9B-77290F4826CD}"
EndProject
Project("{9A19103F-16F7-4668-BE54-9A1E7A4F7556}") = "A112", "A112\A112.csproj", "{BE2F3974-9170-4E10-A11D-AA5AF6206E25}"
EndProject
Project("{9A19103F-16F7-4668-BE54-9A1E7A4F7556}") = "A158", "A158\A158.csproj", "{BD3F7597-C2B5-4613-96BD-70153A00C416}"
EndProject
Project("{9A19103F-16F7-4668-BE54-9A1E7A4F7556}") = "B339", "B339\B339.csproj", "{E618EEBD-2376-4CB9-B8E3-CBCBF7C7B7BA}"
EndProject
Project("{9A19103F-16F7-4668-BE54-9A1E7A4F7556}") = "A677", "A677\A677.csproj", "{5C637CE4-5E97-42DD-919F-1EFD083A4297}"
EndProject
Project("{9A19103F-16F7-4668-BE54-9A1E7A4F7556}") = "A118", "A118\A118.csproj", "{0B8B3DFF-F793-4477-8266-0DCBC7F01FF2}"
EndProject
Project("{9A19103F-16F7-4668-BE54-9A1E7A4F7556}") = "A339", "A339\A339.csproj", "{CFB4FA9E-CD62-4DBB-BF02-1DB1AF2680D0}"
EndProject
Project("{9A19103F-16F7-4668-BE54-9A1E7A4F7556}") = "A266", "A266\A266.csproj", "{8E1C155F-0F5F-4B40-8B36-0B7FE216B892}"
EndProject
Project("{9A19103F-16F7-4668-BE54-9A1E7A4F7556}") = "A236", "A236\A236.csproj", "{2C1BB392-69DA-45B3-85A8-0F02804471DD}"
EndProject
Project("{9A19103F-16F7-4668-BE54-9A1E7A4F7556}") = "A96", "A96\A96.csproj", "{CC3A2042-DE5C-4195-ABC2-C36BC52717DD}"
EndProject
Project("{9A19103F-16F7-4668-BE54-9A1E7A4F7556}") = "A546", "A546\A546.csproj", "{42794954-CB13-4856-AEAD-28FB7AE06F85}"
EndProject
Project("{9A19103F-16F7-4668-BE54-9A1E7A4F7556}") = "A791", "A791\A791.csproj", "{55A26BDB-A4E8-4546-8839-F7BA2D9A87CF}"
EndProject
Project("{9A19103F-16F7-4668-BE54-9A1E7A4F7556}") = "A977", "A977\A977.csproj", "{7A7AC935-4CE0-48D4-8B92-B058EA168C68}"
EndProject
Project("{9A19103F-16F7-4668-BE54-9A1E7A4F7556}") = "A617", "A617\A617.csproj", "{52EC0834-7F04-4458-B18E-319CC405A355}"
EndProject
Project("{9A19103F-16F7-4668-BE54-9A1E7A4F7556}") = "A59", "A59\A59.csproj", "{6F0C6EBC-91D0-4114-BEE6-1E2D0486BCF3}"
EndProject
Project("{9A19103F-16F7-4668-BE54-9A1E7A4F7556}") = "A116", "A116\A116.csproj", "{83874995-35E3-4BD8-B790-A1C54D201711}"
EndProject
Project("{9A19103F-16F7-4668-BE54-9A1E7A4F7556}") = "A58", "A58\A58.csproj", "{50176D10-2C1A-452B-8BEC-5558B1299215}"
EndProject
Project("{9A19103F-16F7-4668-BE54-9A1E7A4F7556}") = "A133", "A133\A133.csproj", "{8D896EFB-1D53-4D56-B3B0-024B40057A0A}"
EndProject
Project("{9A19103F-16F7-4668-BE54-9A1E7A4F7556}") = "B200", "B200\B200.csproj", "{987345D3-A701-40C1-BE8B-03D0968705E3}"
EndProject
Project("{9A19103F-16F7-4668-BE54-9A1E7A4F7556}") = "A707", "A707\A707.csproj", "{A72C45F8-F34D-450C-A85E-A7521E12267A}"
EndProject
Project("{9A19103F-16F7-4668-BE54-9A1E7A4F7556}") = "A43", "A43\A43.csproj", "{C188E8A4-7560-4265-84A0-9E6591E80090}"
EndProject
Project("{9A19103F-16F7-4668-BE54-9A1E7A4F7556}") = "A208", "A208\A208.csproj", "{712BCF24-0F40-4019-86E9-6356FEBF9E5B}"
EndProject
Project("{9A19103F-16F7-4668-BE54-9A1E7A4F7556}") = "B32", "B32\B32.csproj", "{754800F1-48D3-4CDD-8E09-14889BC19D6A}"
EndProject
Project("{9A19103F-16F7-4668-BE54-9A1E7A4F7556}") = "Test", "Test\Test.csproj", "{98E1C5FB-8440-49F4-8A69-41D37B70EED7}"
EndProject
Project("{9A19103F-16F7-4668-BE54-9A1E7A4F7556}") = "A63", "A63\A63.csproj", "{126B4D34-96E9-4DA1-B010-F62393D53A1E}"
EndProject
Project("{9A19103F-16F7-4668-BE54-9A1E7A4F7556}") = "A1", "A1\A1.csproj", "{883A5B9C-AF47-4E8F-86E0-CB796B0C5BB9}"
EndProject
Project("{9A19103F-16F7-4668-BE54-9A1E7A4F7556}") = "A4", "A4\A4.csproj", "{A40858E0-96EC-47E8-80D1-B9ACF8543EB2}"
EndProject
Project("{9A19103F-16F7-4668-BE54-9A1E7A4F7556}") = "A25", "A25\A25.csproj", "{2F943C0F-0910-4732-8700-CEA8C2702B69}"
EndProject
Project("{9A19103F-16F7-4668-BE54-9A1E7A4F7556}") = "A41", "A41\A41.csproj", "{E9D3957E-5DB2-429A-9517-466C77FE5983}"
EndProject
Project("{9A19103F-16F7-4668-BE54-9A1E7A4F7556}") = "A50", "A50\A50.csproj", "{AEF0BF45-327C-46B3-981D-EE637E1D4440}"
EndProject
Project("{9A19103F-16F7-4668-BE54-9A1E7A4F7556}") = "A61", "A61\A61.csproj", "{AE6E65BE-F20A-45B0-BD83-EDFB4B7F7E38}"
EndProject
Project("{9A19103F-16F7-4668-BE54-9A1E7A4F7556}") = "A69", "A69\A69.csproj", "{F0630E83-5C9A-42AE-83B3-82E4974BBB9E}"
EndProject
Project("{9A19103F-16F7-4668-BE54-9A1E7A4F7556}") = "A110", "A110\A110.csproj", "{32C3E948-843D-4DBB-8585-252C1535FB89}"
EndProject
Project("{9A19103F-16F7-4668-BE54-9A1E7A4F7556}") = "A122", "A122\A122.csproj", "{FD910770-F7C6-438F-8B2A-F930D82B0484}"
EndProject
Project("{9A19103F-16F7-4668-BE54-9A1E7A4F7556}") = "A230", "A230\A230.csproj", "{9577ED76-5DD1-4167-906B-C96ACFE46735}"
EndProject
Project("{9A19103F-16F7-4668-BE54-9A1E7A4F7556}") = "A231", "A231\A231.csproj", "{31496D2E-65EE-4BA0-AC2B-8754BA035A80}"
EndProject
Project("{9A19103F-16F7-4668-BE54-9A1E7A4F7556}") = "A271", "A271\A271.csproj", "{B51B54C1-17BD-4B25-877D-F127F5895C31}"
EndProject
Project("{9A19103F-16F7-4668-BE54-9A1E7A4F7556}") = "A281", "A281\A281.csproj", "{2B4EE9F9-38A6-4E7C-8354-F63ED78BDC9A}"
EndProject
Project("{9A19103F-16F7-4668-BE54-9A1E7A4F7556}") = "A306", "A306\A306.csproj", "{7C7833D1-947F-44B0-B3AF-CFA7032EFC0B}"
EndProject
Project("{9A19103F-16F7-4668-BE54-9A1E7A4F7556}") = "A318", "A318\A318.csproj", "{C377DB1E-F86B-4B94-A7D4-11757AA64EF7}"
EndProject
Project("{9A19103F-16F7-4668-BE54-9A1E7A4F7556}") = "A344", "A344\A344.csproj", "{F55C5598-AD6A-41C1-9A74-85BBA9CBDCF5}"
EndProject
Project("{9A19103F-16F7-4668-BE54-9A1E7A4F7556}") = "A379", "A379\A379.csproj", "{99A648CD-19C2-444A-82AF-988BE492FF14}"
EndProject
Project("{9A19103F-16F7-4668-BE54-9A1E7A4F7556}") = "A451", "A451\A451.csproj", "{410C6275-C26F-4DAD-960D-E23C01F5EFD0}"
EndProject
Project("{9A19103F-16F7-4668-BE54-9A1E7A4F7556}") = "A467", "A467\A467.csproj", "{FFA17F1A-C67C-4219-BB96-C904A7716E3D}"
EndProject
Project("{9A19103F-16F7-4668-BE54-9A1E7A4F7556}") = "A479", "A479\A479.csproj", "{5D6418C4-5720-40E1-83CE-007CF9224532}"
EndProject
Project("{9A19103F-16F7-4668-BE54-9A1E7A4F7556}") = "A510", "A510\A510.csproj", "{158C8335-2AB6-4ADE-B380-B4D170DEF4DD}"
EndProject
Project("{9A19103F-16F7-4668-BE54-9A1E7A4F7556}") = "A703", "A703\A703.csproj", "{128E1F75-8970-4885-8F17-E05676EB1BA6}"
EndProject
Project("{9A19103F-16F7-4668-BE54-9A1E7A4F7556}") = "B999", "B999\B999.csproj", "{1151BF77-A6C9-475C-9823-7C481675A89E}"
EndProject
Project("{9A19103F-16F7-4668-BE54-9A1E7A4F7556}") = "B158", "B158\B158.csproj", "{F71E7F70-916C-4EEC-BAAC-97623DFE044B}"
EndProject
Project("{9A19103F-16F7-4668-BE54-9A1E7A4F7556}") = "A1436", "A1436\A1436.csproj", "{A37EB7FC-7C44-4F3E-9465-CA3F48E0C6EC}"
EndProject
Project("{9A19103F-16F7-4668-BE54-9A1E7A4F7556}") = "A1374", "A1374\A1374.csproj", "{258F7011-289E-44BD-821A-5B1DFB2373CE}"
EndProject
Project("{9A19103F-16F7-4668-BE54-9A1E7A4F7556}") = "A1294", "A1294\A1294.csproj", "{5A76A84E-2276-44A8-A56E-1A7985B2DB46}"
EndProject
Project("{9A19103F-16F7-4668-BE54-9A1E7A4F7556}") = "A1154", "A1154\A1154.csproj", "{00835026-D02D-4445-83ED-7599F8FE1657}"
EndProject
Project("{9A19103F-16F7-4668-BE54-9A1E7A4F7556}") = "A1030", "A1030\A1030.csproj", "{428DBF71-F30E-4809-A3C6-D6D6F795E076}"
EndProject
Project("{9A19103F-16F7-4668-BE54-9A1E7A4F7556}") = "A935", "A935\A935.csproj", "{45E31A17-B668-4E9D-A8EC-4726F9508F1F}"
EndProject
Project("{9A19103F-16F7-4668-BE54-9A1E7A4F7556}") = "A734", "A734\A734.csproj", "{DC59A25F-3888-4866-8E7E-C20B1E345B72}"
EndProject
Project("{9A19103F-16F7-4668-BE54-9A1E7A4F7556}") = "A705", "A705\A705.csproj", "{CAC10C6B-86EA-473E-83E0-C6E100F48C29}"
EndProject
Project("{9A19103F-16F7-4668-BE54-9A1E7A4F7556}") = "B1749", "B1749\B1749.csproj", "{8E06B754-FD62-4AC3-9260-D18957AC1227}"
EndProject
Project("{9A19103F-16F7-4668-BE54-9A1E7A4F7556}") = "B1747", "B1747\B1747.csproj", "{624B21BD-6AEB-4ED7-B814-65718EEE8710}"
EndProject
Project("{9A19103F-16F7-4668-BE54-9A1E7A4F7556}") = "A1744", "A1744\A1744.csproj", "{F233077E-CCC0-4222-B72A-259DD7FC0D92}"
EndProject
Project("{9A19103F-16F7-4668-BE54-9A1E7A4F7556}") = "A1736", "A1736\A1736.csproj", "{1EE58DF6-655C-451A-84B5-FC7C0CAB0852}"
EndProject
Project("{9A19103F-16F7-4668-BE54-9A1E7A4F7556}") = "A486", "A486\A486.csproj", "{0C3B0C2C-4F3C-4BAF-A28F-940F9280D600}"
EndProject
Global
	GlobalSection(SolutionConfigurationPlatforms) = preSolution
		Debug|Any CPU = Debug|Any CPU
		Release|Any CPU = Release|Any CPU
	EndGlobalSection
	GlobalSection(ProjectConfigurationPlatforms) = postSolution
		{AC942BE1-2068-43E3-AC91-BEF97E16B5CC}.Debug|Any CPU.ActiveCfg = Debug|Any CPU
		{AC942BE1-2068-43E3-AC91-BEF97E16B5CC}.Debug|Any CPU.Build.0 = Debug|Any CPU
		{AC942BE1-2068-43E3-AC91-BEF97E16B5CC}.Release|Any CPU.ActiveCfg = Release|Any CPU
		{AC942BE1-2068-43E3-AC91-BEF97E16B5CC}.Release|Any CPU.Build.0 = Release|Any CPU
		{9C39B84C-73B7-44C4-991F-E444424985CE}.Debug|Any CPU.ActiveCfg = Debug|Any CPU
		{9C39B84C-73B7-44C4-991F-E444424985CE}.Debug|Any CPU.Build.0 = Debug|Any CPU
		{9C39B84C-73B7-44C4-991F-E444424985CE}.Release|Any CPU.ActiveCfg = Release|Any CPU
		{9C39B84C-73B7-44C4-991F-E444424985CE}.Release|Any CPU.Build.0 = Release|Any CPU
		{387F952C-F9A7-4BBC-AA9B-77290F4826CD}.Debug|Any CPU.ActiveCfg = Debug|Any CPU
		{387F952C-F9A7-4BBC-AA9B-77290F4826CD}.Debug|Any CPU.Build.0 = Debug|Any CPU
		{387F952C-F9A7-4BBC-AA9B-77290F4826CD}.Release|Any CPU.ActiveCfg = Release|Any CPU
		{387F952C-F9A7-4BBC-AA9B-77290F4826CD}.Release|Any CPU.Build.0 = Release|Any CPU
		{BE2F3974-9170-4E10-A11D-AA5AF6206E25}.Debug|Any CPU.ActiveCfg = Debug|Any CPU
		{BE2F3974-9170-4E10-A11D-AA5AF6206E25}.Debug|Any CPU.Build.0 = Debug|Any CPU
		{BE2F3974-9170-4E10-A11D-AA5AF6206E25}.Release|Any CPU.ActiveCfg = Release|Any CPU
		{BE2F3974-9170-4E10-A11D-AA5AF6206E25}.Release|Any CPU.Build.0 = Release|Any CPU
		{BD3F7597-C2B5-4613-96BD-70153A00C416}.Debug|Any CPU.ActiveCfg = Debug|Any CPU
		{BD3F7597-C2B5-4613-96BD-70153A00C416}.Debug|Any CPU.Build.0 = Debug|Any CPU
		{BD3F7597-C2B5-4613-96BD-70153A00C416}.Release|Any CPU.ActiveCfg = Release|Any CPU
		{BD3F7597-C2B5-4613-96BD-70153A00C416}.Release|Any CPU.Build.0 = Release|Any CPU
		{E618EEBD-2376-4CB9-B8E3-CBCBF7C7B7BA}.Debug|Any CPU.ActiveCfg = Debug|Any CPU
		{E618EEBD-2376-4CB9-B8E3-CBCBF7C7B7BA}.Debug|Any CPU.Build.0 = Debug|Any CPU
		{E618EEBD-2376-4CB9-B8E3-CBCBF7C7B7BA}.Release|Any CPU.ActiveCfg = Release|Any CPU
		{E618EEBD-2376-4CB9-B8E3-CBCBF7C7B7BA}.Release|Any CPU.Build.0 = Release|Any CPU
		{5C637CE4-5E97-42DD-919F-1EFD083A4297}.Debug|Any CPU.ActiveCfg = Debug|Any CPU
		{5C637CE4-5E97-42DD-919F-1EFD083A4297}.Debug|Any CPU.Build.0 = Debug|Any CPU
		{5C637CE4-5E97-42DD-919F-1EFD083A4297}.Release|Any CPU.ActiveCfg = Release|Any CPU
		{5C637CE4-5E97-42DD-919F-1EFD083A4297}.Release|Any CPU.Build.0 = Release|Any CPU
		{0B8B3DFF-F793-4477-8266-0DCBC7F01FF2}.Debug|Any CPU.ActiveCfg = Debug|Any CPU
		{0B8B3DFF-F793-4477-8266-0DCBC7F01FF2}.Debug|Any CPU.Build.0 = Debug|Any CPU
		{0B8B3DFF-F793-4477-8266-0DCBC7F01FF2}.Release|Any CPU.ActiveCfg = Release|Any CPU
		{0B8B3DFF-F793-4477-8266-0DCBC7F01FF2}.Release|Any CPU.Build.0 = Release|Any CPU
		{CFB4FA9E-CD62-4DBB-BF02-1DB1AF2680D0}.Debug|Any CPU.ActiveCfg = Debug|Any CPU
		{CFB4FA9E-CD62-4DBB-BF02-1DB1AF2680D0}.Debug|Any CPU.Build.0 = Debug|Any CPU
		{CFB4FA9E-CD62-4DBB-BF02-1DB1AF2680D0}.Release|Any CPU.ActiveCfg = Release|Any CPU
		{CFB4FA9E-CD62-4DBB-BF02-1DB1AF2680D0}.Release|Any CPU.Build.0 = Release|Any CPU
		{8E1C155F-0F5F-4B40-8B36-0B7FE216B892}.Debug|Any CPU.ActiveCfg = Debug|Any CPU
		{8E1C155F-0F5F-4B40-8B36-0B7FE216B892}.Debug|Any CPU.Build.0 = Debug|Any CPU
		{8E1C155F-0F5F-4B40-8B36-0B7FE216B892}.Release|Any CPU.ActiveCfg = Release|Any CPU
		{8E1C155F-0F5F-4B40-8B36-0B7FE216B892}.Release|Any CPU.Build.0 = Release|Any CPU
		{2C1BB392-69DA-45B3-85A8-0F02804471DD}.Debug|Any CPU.ActiveCfg = Debug|Any CPU
		{2C1BB392-69DA-45B3-85A8-0F02804471DD}.Debug|Any CPU.Build.0 = Debug|Any CPU
		{2C1BB392-69DA-45B3-85A8-0F02804471DD}.Release|Any CPU.ActiveCfg = Release|Any CPU
		{2C1BB392-69DA-45B3-85A8-0F02804471DD}.Release|Any CPU.Build.0 = Release|Any CPU
		{CC3A2042-DE5C-4195-ABC2-C36BC52717DD}.Debug|Any CPU.ActiveCfg = Debug|Any CPU
		{CC3A2042-DE5C-4195-ABC2-C36BC52717DD}.Debug|Any CPU.Build.0 = Debug|Any CPU
		{CC3A2042-DE5C-4195-ABC2-C36BC52717DD}.Release|Any CPU.ActiveCfg = Release|Any CPU
		{CC3A2042-DE5C-4195-ABC2-C36BC52717DD}.Release|Any CPU.Build.0 = Release|Any CPU
		{42794954-CB13-4856-AEAD-28FB7AE06F85}.Debug|Any CPU.ActiveCfg = Debug|Any CPU
		{42794954-CB13-4856-AEAD-28FB7AE06F85}.Debug|Any CPU.Build.0 = Debug|Any CPU
		{42794954-CB13-4856-AEAD-28FB7AE06F85}.Release|Any CPU.ActiveCfg = Release|Any CPU
		{42794954-CB13-4856-AEAD-28FB7AE06F85}.Release|Any CPU.Build.0 = Release|Any CPU
		{55A26BDB-A4E8-4546-8839-F7BA2D9A87CF}.Debug|Any CPU.ActiveCfg = Debug|Any CPU
		{55A26BDB-A4E8-4546-8839-F7BA2D9A87CF}.Debug|Any CPU.Build.0 = Debug|Any CPU
		{55A26BDB-A4E8-4546-8839-F7BA2D9A87CF}.Release|Any CPU.ActiveCfg = Release|Any CPU
		{55A26BDB-A4E8-4546-8839-F7BA2D9A87CF}.Release|Any CPU.Build.0 = Release|Any CPU
		{7A7AC935-4CE0-48D4-8B92-B058EA168C68}.Debug|Any CPU.ActiveCfg = Debug|Any CPU
		{7A7AC935-4CE0-48D4-8B92-B058EA168C68}.Debug|Any CPU.Build.0 = Debug|Any CPU
		{7A7AC935-4CE0-48D4-8B92-B058EA168C68}.Release|Any CPU.ActiveCfg = Release|Any CPU
		{7A7AC935-4CE0-48D4-8B92-B058EA168C68}.Release|Any CPU.Build.0 = Release|Any CPU
		{52EC0834-7F04-4458-B18E-319CC405A355}.Debug|Any CPU.ActiveCfg = Debug|Any CPU
		{52EC0834-7F04-4458-B18E-319CC405A355}.Debug|Any CPU.Build.0 = Debug|Any CPU
		{52EC0834-7F04-4458-B18E-319CC405A355}.Release|Any CPU.ActiveCfg = Release|Any CPU
		{52EC0834-7F04-4458-B18E-319CC405A355}.Release|Any CPU.Build.0 = Release|Any CPU
		{6F0C6EBC-91D0-4114-BEE6-1E2D0486BCF3}.Debug|Any CPU.ActiveCfg = Debug|Any CPU
		{6F0C6EBC-91D0-4114-BEE6-1E2D0486BCF3}.Debug|Any CPU.Build.0 = Debug|Any CPU
		{6F0C6EBC-91D0-4114-BEE6-1E2D0486BCF3}.Release|Any CPU.ActiveCfg = Release|Any CPU
		{6F0C6EBC-91D0-4114-BEE6-1E2D0486BCF3}.Release|Any CPU.Build.0 = Release|Any CPU
		{83874995-35E3-4BD8-B790-A1C54D201711}.Debug|Any CPU.ActiveCfg = Debug|Any CPU
		{83874995-35E3-4BD8-B790-A1C54D201711}.Debug|Any CPU.Build.0 = Debug|Any CPU
		{83874995-35E3-4BD8-B790-A1C54D201711}.Release|Any CPU.ActiveCfg = Release|Any CPU
		{83874995-35E3-4BD8-B790-A1C54D201711}.Release|Any CPU.Build.0 = Release|Any CPU
		{50176D10-2C1A-452B-8BEC-5558B1299215}.Debug|Any CPU.ActiveCfg = Debug|Any CPU
		{50176D10-2C1A-452B-8BEC-5558B1299215}.Debug|Any CPU.Build.0 = Debug|Any CPU
		{50176D10-2C1A-452B-8BEC-5558B1299215}.Release|Any CPU.ActiveCfg = Release|Any CPU
		{50176D10-2C1A-452B-8BEC-5558B1299215}.Release|Any CPU.Build.0 = Release|Any CPU
		{8D896EFB-1D53-4D56-B3B0-024B40057A0A}.Debug|Any CPU.ActiveCfg = Debug|Any CPU
		{8D896EFB-1D53-4D56-B3B0-024B40057A0A}.Debug|Any CPU.Build.0 = Debug|Any CPU
		{8D896EFB-1D53-4D56-B3B0-024B40057A0A}.Release|Any CPU.ActiveCfg = Release|Any CPU
		{8D896EFB-1D53-4D56-B3B0-024B40057A0A}.Release|Any CPU.Build.0 = Release|Any CPU
		{987345D3-A701-40C1-BE8B-03D0968705E3}.Debug|Any CPU.ActiveCfg = Debug|Any CPU
		{987345D3-A701-40C1-BE8B-03D0968705E3}.Debug|Any CPU.Build.0 = Debug|Any CPU
		{987345D3-A701-40C1-BE8B-03D0968705E3}.Release|Any CPU.ActiveCfg = Release|Any CPU
		{987345D3-A701-40C1-BE8B-03D0968705E3}.Release|Any CPU.Build.0 = Release|Any CPU
		{A72C45F8-F34D-450C-A85E-A7521E12267A}.Debug|Any CPU.ActiveCfg = Debug|Any CPU
		{A72C45F8-F34D-450C-A85E-A7521E12267A}.Debug|Any CPU.Build.0 = Debug|Any CPU
		{A72C45F8-F34D-450C-A85E-A7521E12267A}.Release|Any CPU.ActiveCfg = Release|Any CPU
		{A72C45F8-F34D-450C-A85E-A7521E12267A}.Release|Any CPU.Build.0 = Release|Any CPU
		{C188E8A4-7560-4265-84A0-9E6591E80090}.Debug|Any CPU.ActiveCfg = Debug|Any CPU
		{C188E8A4-7560-4265-84A0-9E6591E80090}.Debug|Any CPU.Build.0 = Debug|Any CPU
		{C188E8A4-7560-4265-84A0-9E6591E80090}.Release|Any CPU.ActiveCfg = Release|Any CPU
		{C188E8A4-7560-4265-84A0-9E6591E80090}.Release|Any CPU.Build.0 = Release|Any CPU
		{712BCF24-0F40-4019-86E9-6356FEBF9E5B}.Debug|Any CPU.ActiveCfg = Debug|Any CPU
		{712BCF24-0F40-4019-86E9-6356FEBF9E5B}.Debug|Any CPU.Build.0 = Debug|Any CPU
		{712BCF24-0F40-4019-86E9-6356FEBF9E5B}.Release|Any CPU.ActiveCfg = Release|Any CPU
		{712BCF24-0F40-4019-86E9-6356FEBF9E5B}.Release|Any CPU.Build.0 = Release|Any CPU
		{754800F1-48D3-4CDD-8E09-14889BC19D6A}.Debug|Any CPU.ActiveCfg = Debug|Any CPU
		{754800F1-48D3-4CDD-8E09-14889BC19D6A}.Debug|Any CPU.Build.0 = Debug|Any CPU
		{754800F1-48D3-4CDD-8E09-14889BC19D6A}.Release|Any CPU.ActiveCfg = Release|Any CPU
		{754800F1-48D3-4CDD-8E09-14889BC19D6A}.Release|Any CPU.Build.0 = Release|Any CPU
		{98E1C5FB-8440-49F4-8A69-41D37B70EED7}.Debug|Any CPU.ActiveCfg = Debug|Any CPU
		{98E1C5FB-8440-49F4-8A69-41D37B70EED7}.Debug|Any CPU.Build.0 = Debug|Any CPU
		{98E1C5FB-8440-49F4-8A69-41D37B70EED7}.Release|Any CPU.ActiveCfg = Release|Any CPU
		{98E1C5FB-8440-49F4-8A69-41D37B70EED7}.Release|Any CPU.Build.0 = Release|Any CPU
		{126B4D34-96E9-4DA1-B010-F62393D53A1E}.Debug|Any CPU.ActiveCfg = Debug|Any CPU
		{126B4D34-96E9-4DA1-B010-F62393D53A1E}.Debug|Any CPU.Build.0 = Debug|Any CPU
		{126B4D34-96E9-4DA1-B010-F62393D53A1E}.Release|Any CPU.ActiveCfg = Release|Any CPU
		{126B4D34-96E9-4DA1-B010-F62393D53A1E}.Release|Any CPU.Build.0 = Release|Any CPU
		{883A5B9C-AF47-4E8F-86E0-CB796B0C5BB9}.Debug|Any CPU.ActiveCfg = Debug|Any CPU
		{883A5B9C-AF47-4E8F-86E0-CB796B0C5BB9}.Debug|Any CPU.Build.0 = Debug|Any CPU
		{883A5B9C-AF47-4E8F-86E0-CB796B0C5BB9}.Release|Any CPU.ActiveCfg = Release|Any CPU
		{883A5B9C-AF47-4E8F-86E0-CB796B0C5BB9}.Release|Any CPU.Build.0 = Release|Any CPU
		{A40858E0-96EC-47E8-80D1-B9ACF8543EB2}.Debug|Any CPU.ActiveCfg = Debug|Any CPU
		{A40858E0-96EC-47E8-80D1-B9ACF8543EB2}.Debug|Any CPU.Build.0 = Debug|Any CPU
		{A40858E0-96EC-47E8-80D1-B9ACF8543EB2}.Release|Any CPU.ActiveCfg = Release|Any CPU
		{A40858E0-96EC-47E8-80D1-B9ACF8543EB2}.Release|Any CPU.Build.0 = Release|Any CPU
		{2F943C0F-0910-4732-8700-CEA8C2702B69}.Debug|Any CPU.ActiveCfg = Debug|Any CPU
		{2F943C0F-0910-4732-8700-CEA8C2702B69}.Debug|Any CPU.Build.0 = Debug|Any CPU
		{2F943C0F-0910-4732-8700-CEA8C2702B69}.Release|Any CPU.ActiveCfg = Release|Any CPU
		{2F943C0F-0910-4732-8700-CEA8C2702B69}.Release|Any CPU.Build.0 = Release|Any CPU
		{E9D3957E-5DB2-429A-9517-466C77FE5983}.Debug|Any CPU.ActiveCfg = Debug|Any CPU
		{E9D3957E-5DB2-429A-9517-466C77FE5983}.Debug|Any CPU.Build.0 = Debug|Any CPU
		{E9D3957E-5DB2-429A-9517-466C77FE5983}.Release|Any CPU.ActiveCfg = Release|Any CPU
		{E9D3957E-5DB2-429A-9517-466C77FE5983}.Release|Any CPU.Build.0 = Release|Any CPU
		{AEF0BF45-327C-46B3-981D-EE637E1D4440}.Debug|Any CPU.ActiveCfg = Debug|Any CPU
		{AEF0BF45-327C-46B3-981D-EE637E1D4440}.Debug|Any CPU.Build.0 = Debug|Any CPU
		{AEF0BF45-327C-46B3-981D-EE637E1D4440}.Release|Any CPU.ActiveCfg = Release|Any CPU
		{AEF0BF45-327C-46B3-981D-EE637E1D4440}.Release|Any CPU.Build.0 = Release|Any CPU
		{AE6E65BE-F20A-45B0-BD83-EDFB4B7F7E38}.Debug|Any CPU.ActiveCfg = Debug|Any CPU
		{AE6E65BE-F20A-45B0-BD83-EDFB4B7F7E38}.Debug|Any CPU.Build.0 = Debug|Any CPU
		{AE6E65BE-F20A-45B0-BD83-EDFB4B7F7E38}.Release|Any CPU.ActiveCfg = Release|Any CPU
		{AE6E65BE-F20A-45B0-BD83-EDFB4B7F7E38}.Release|Any CPU.Build.0 = Release|Any CPU
		{F0630E83-5C9A-42AE-83B3-82E4974BBB9E}.Debug|Any CPU.ActiveCfg = Debug|Any CPU
		{F0630E83-5C9A-42AE-83B3-82E4974BBB9E}.Debug|Any CPU.Build.0 = Debug|Any CPU
		{F0630E83-5C9A-42AE-83B3-82E4974BBB9E}.Release|Any CPU.ActiveCfg = Release|Any CPU
		{F0630E83-5C9A-42AE-83B3-82E4974BBB9E}.Release|Any CPU.Build.0 = Release|Any CPU
		{32C3E948-843D-4DBB-8585-252C1535FB89}.Debug|Any CPU.ActiveCfg = Debug|Any CPU
		{32C3E948-843D-4DBB-8585-252C1535FB89}.Debug|Any CPU.Build.0 = Debug|Any CPU
		{32C3E948-843D-4DBB-8585-252C1535FB89}.Release|Any CPU.ActiveCfg = Release|Any CPU
		{32C3E948-843D-4DBB-8585-252C1535FB89}.Release|Any CPU.Build.0 = Release|Any CPU
		{FD910770-F7C6-438F-8B2A-F930D82B0484}.Debug|Any CPU.ActiveCfg = Debug|Any CPU
		{FD910770-F7C6-438F-8B2A-F930D82B0484}.Debug|Any CPU.Build.0 = Debug|Any CPU
		{FD910770-F7C6-438F-8B2A-F930D82B0484}.Release|Any CPU.ActiveCfg = Release|Any CPU
		{FD910770-F7C6-438F-8B2A-F930D82B0484}.Release|Any CPU.Build.0 = Release|Any CPU
		{9577ED76-5DD1-4167-906B-C96ACFE46735}.Debug|Any CPU.ActiveCfg = Debug|Any CPU
		{9577ED76-5DD1-4167-906B-C96ACFE46735}.Debug|Any CPU.Build.0 = Debug|Any CPU
		{9577ED76-5DD1-4167-906B-C96ACFE46735}.Release|Any CPU.ActiveCfg = Release|Any CPU
		{9577ED76-5DD1-4167-906B-C96ACFE46735}.Release|Any CPU.Build.0 = Release|Any CPU
		{31496D2E-65EE-4BA0-AC2B-8754BA035A80}.Debug|Any CPU.ActiveCfg = Debug|Any CPU
		{31496D2E-65EE-4BA0-AC2B-8754BA035A80}.Debug|Any CPU.Build.0 = Debug|Any CPU
		{31496D2E-65EE-4BA0-AC2B-8754BA035A80}.Release|Any CPU.ActiveCfg = Release|Any CPU
		{31496D2E-65EE-4BA0-AC2B-8754BA035A80}.Release|Any CPU.Build.0 = Release|Any CPU
		{B51B54C1-17BD-4B25-877D-F127F5895C31}.Debug|Any CPU.ActiveCfg = Debug|Any CPU
		{B51B54C1-17BD-4B25-877D-F127F5895C31}.Debug|Any CPU.Build.0 = Debug|Any CPU
		{B51B54C1-17BD-4B25-877D-F127F5895C31}.Release|Any CPU.ActiveCfg = Release|Any CPU
		{B51B54C1-17BD-4B25-877D-F127F5895C31}.Release|Any CPU.Build.0 = Release|Any CPU
		{2B4EE9F9-38A6-4E7C-8354-F63ED78BDC9A}.Debug|Any CPU.ActiveCfg = Debug|Any CPU
		{2B4EE9F9-38A6-4E7C-8354-F63ED78BDC9A}.Debug|Any CPU.Build.0 = Debug|Any CPU
		{2B4EE9F9-38A6-4E7C-8354-F63ED78BDC9A}.Release|Any CPU.ActiveCfg = Release|Any CPU
		{2B4EE9F9-38A6-4E7C-8354-F63ED78BDC9A}.Release|Any CPU.Build.0 = Release|Any CPU
		{7C7833D1-947F-44B0-B3AF-CFA7032EFC0B}.Debug|Any CPU.ActiveCfg = Debug|Any CPU
		{7C7833D1-947F-44B0-B3AF-CFA7032EFC0B}.Debug|Any CPU.Build.0 = Debug|Any CPU
		{7C7833D1-947F-44B0-B3AF-CFA7032EFC0B}.Release|Any CPU.ActiveCfg = Release|Any CPU
		{7C7833D1-947F-44B0-B3AF-CFA7032EFC0B}.Release|Any CPU.Build.0 = Release|Any CPU
		{C377DB1E-F86B-4B94-A7D4-11757AA64EF7}.Debug|Any CPU.ActiveCfg = Debug|Any CPU
		{C377DB1E-F86B-4B94-A7D4-11757AA64EF7}.Debug|Any CPU.Build.0 = Debug|Any CPU
		{C377DB1E-F86B-4B94-A7D4-11757AA64EF7}.Release|Any CPU.ActiveCfg = Release|Any CPU
		{C377DB1E-F86B-4B94-A7D4-11757AA64EF7}.Release|Any CPU.Build.0 = Release|Any CPU
		{F55C5598-AD6A-41C1-9A74-85BBA9CBDCF5}.Debug|Any CPU.ActiveCfg = Debug|Any CPU
		{F55C5598-AD6A-41C1-9A74-85BBA9CBDCF5}.Debug|Any CPU.Build.0 = Debug|Any CPU
		{F55C5598-AD6A-41C1-9A74-85BBA9CBDCF5}.Release|Any CPU.ActiveCfg = Release|Any CPU
		{F55C5598-AD6A-41C1-9A74-85BBA9CBDCF5}.Release|Any CPU.Build.0 = Release|Any CPU
		{99A648CD-19C2-444A-82AF-988BE492FF14}.Debug|Any CPU.ActiveCfg = Debug|Any CPU
		{99A648CD-19C2-444A-82AF-988BE492FF14}.Debug|Any CPU.Build.0 = Debug|Any CPU
		{99A648CD-19C2-444A-82AF-988BE492FF14}.Release|Any CPU.ActiveCfg = Release|Any CPU
		{99A648CD-19C2-444A-82AF-988BE492FF14}.Release|Any CPU.Build.0 = Release|Any CPU
		{410C6275-C26F-4DAD-960D-E23C01F5EFD0}.Debug|Any CPU.ActiveCfg = Debug|Any CPU
		{410C6275-C26F-4DAD-960D-E23C01F5EFD0}.Debug|Any CPU.Build.0 = Debug|Any CPU
		{410C6275-C26F-4DAD-960D-E23C01F5EFD0}.Release|Any CPU.ActiveCfg = Release|Any CPU
		{410C6275-C26F-4DAD-960D-E23C01F5EFD0}.Release|Any CPU.Build.0 = Release|Any CPU
		{FFA17F1A-C67C-4219-BB96-C904A7716E3D}.Debug|Any CPU.ActiveCfg = Debug|Any CPU
		{FFA17F1A-C67C-4219-BB96-C904A7716E3D}.Debug|Any CPU.Build.0 = Debug|Any CPU
		{FFA17F1A-C67C-4219-BB96-C904A7716E3D}.Release|Any CPU.ActiveCfg = Release|Any CPU
		{FFA17F1A-C67C-4219-BB96-C904A7716E3D}.Release|Any CPU.Build.0 = Release|Any CPU
		{5D6418C4-5720-40E1-83CE-007CF9224532}.Debug|Any CPU.ActiveCfg = Debug|Any CPU
		{5D6418C4-5720-40E1-83CE-007CF9224532}.Debug|Any CPU.Build.0 = Debug|Any CPU
		{5D6418C4-5720-40E1-83CE-007CF9224532}.Release|Any CPU.ActiveCfg = Release|Any CPU
		{5D6418C4-5720-40E1-83CE-007CF9224532}.Release|Any CPU.Build.0 = Release|Any CPU
		{158C8335-2AB6-4ADE-B380-B4D170DEF4DD}.Debug|Any CPU.ActiveCfg = Debug|Any CPU
		{158C8335-2AB6-4ADE-B380-B4D170DEF4DD}.Debug|Any CPU.Build.0 = Debug|Any CPU
		{158C8335-2AB6-4ADE-B380-B4D170DEF4DD}.Release|Any CPU.ActiveCfg = Release|Any CPU
		{158C8335-2AB6-4ADE-B380-B4D170DEF4DD}.Release|Any CPU.Build.0 = Release|Any CPU
		{128E1F75-8970-4885-8F17-E05676EB1BA6}.Debug|Any CPU.ActiveCfg = Debug|Any CPU
		{128E1F75-8970-4885-8F17-E05676EB1BA6}.Debug|Any CPU.Build.0 = Debug|Any CPU
		{128E1F75-8970-4885-8F17-E05676EB1BA6}.Release|Any CPU.ActiveCfg = Release|Any CPU
		{128E1F75-8970-4885-8F17-E05676EB1BA6}.Release|Any CPU.Build.0 = Release|Any CPU
		{1151BF77-A6C9-475C-9823-7C481675A89E}.Debug|Any CPU.ActiveCfg = Debug|Any CPU
		{1151BF77-A6C9-475C-9823-7C481675A89E}.Debug|Any CPU.Build.0 = Debug|Any CPU
		{1151BF77-A6C9-475C-9823-7C481675A89E}.Release|Any CPU.ActiveCfg = Release|Any CPU
		{1151BF77-A6C9-475C-9823-7C481675A89E}.Release|Any CPU.Build.0 = Release|Any CPU
		{F71E7F70-916C-4EEC-BAAC-97623DFE044B}.Debug|Any CPU.ActiveCfg = Debug|Any CPU
		{F71E7F70-916C-4EEC-BAAC-97623DFE044B}.Debug|Any CPU.Build.0 = Debug|Any CPU
		{F71E7F70-916C-4EEC-BAAC-97623DFE044B}.Release|Any CPU.ActiveCfg = Release|Any CPU
		{F71E7F70-916C-4EEC-BAAC-97623DFE044B}.Release|Any CPU.Build.0 = Release|Any CPU
		{A37EB7FC-7C44-4F3E-9465-CA3F48E0C6EC}.Debug|Any CPU.ActiveCfg = Debug|Any CPU
		{A37EB7FC-7C44-4F3E-9465-CA3F48E0C6EC}.Debug|Any CPU.Build.0 = Debug|Any CPU
		{A37EB7FC-7C44-4F3E-9465-CA3F48E0C6EC}.Release|Any CPU.ActiveCfg = Release|Any CPU
		{A37EB7FC-7C44-4F3E-9465-CA3F48E0C6EC}.Release|Any CPU.Build.0 = Release|Any CPU
		{258F7011-289E-44BD-821A-5B1DFB2373CE}.Debug|Any CPU.ActiveCfg = Debug|Any CPU
		{258F7011-289E-44BD-821A-5B1DFB2373CE}.Debug|Any CPU.Build.0 = Debug|Any CPU
		{258F7011-289E-44BD-821A-5B1DFB2373CE}.Release|Any CPU.ActiveCfg = Release|Any CPU
		{258F7011-289E-44BD-821A-5B1DFB2373CE}.Release|Any CPU.Build.0 = Release|Any CPU
		{5A76A84E-2276-44A8-A56E-1A7985B2DB46}.Debug|Any CPU.ActiveCfg = Debug|Any CPU
		{5A76A84E-2276-44A8-A56E-1A7985B2DB46}.Debug|Any CPU.Build.0 = Debug|Any CPU
		{5A76A84E-2276-44A8-A56E-1A7985B2DB46}.Release|Any CPU.ActiveCfg = Release|Any CPU
		{5A76A84E-2276-44A8-A56E-1A7985B2DB46}.Release|Any CPU.Build.0 = Release|Any CPU
		{00835026-D02D-4445-83ED-7599F8FE1657}.Debug|Any CPU.ActiveCfg = Debug|Any CPU
		{00835026-D02D-4445-83ED-7599F8FE1657}.Debug|Any CPU.Build.0 = Debug|Any CPU
		{00835026-D02D-4445-83ED-7599F8FE1657}.Release|Any CPU.ActiveCfg = Release|Any CPU
		{00835026-D02D-4445-83ED-7599F8FE1657}.Release|Any CPU.Build.0 = Release|Any CPU
		{428DBF71-F30E-4809-A3C6-D6D6F795E076}.Debug|Any CPU.ActiveCfg = Debug|Any CPU
		{428DBF71-F30E-4809-A3C6-D6D6F795E076}.Debug|Any CPU.Build.0 = Debug|Any CPU
		{428DBF71-F30E-4809-A3C6-D6D6F795E076}.Release|Any CPU.ActiveCfg = Release|Any CPU
		{428DBF71-F30E-4809-A3C6-D6D6F795E076}.Release|Any CPU.Build.0 = Release|Any CPU
		{45E31A17-B668-4E9D-A8EC-4726F9508F1F}.Debug|Any CPU.ActiveCfg = Debug|Any CPU
		{45E31A17-B668-4E9D-A8EC-4726F9508F1F}.Debug|Any CPU.Build.0 = Debug|Any CPU
		{45E31A17-B668-4E9D-A8EC-4726F9508F1F}.Release|Any CPU.ActiveCfg = Release|Any CPU
		{45E31A17-B668-4E9D-A8EC-4726F9508F1F}.Release|Any CPU.Build.0 = Release|Any CPU
		{DC59A25F-3888-4866-8E7E-C20B1E345B72}.Debug|Any CPU.ActiveCfg = Debug|Any CPU
		{DC59A25F-3888-4866-8E7E-C20B1E345B72}.Debug|Any CPU.Build.0 = Debug|Any CPU
		{DC59A25F-3888-4866-8E7E-C20B1E345B72}.Release|Any CPU.ActiveCfg = Release|Any CPU
		{DC59A25F-3888-4866-8E7E-C20B1E345B72}.Release|Any CPU.Build.0 = Release|Any CPU
		{CAC10C6B-86EA-473E-83E0-C6E100F48C29}.Debug|Any CPU.ActiveCfg = Debug|Any CPU
		{CAC10C6B-86EA-473E-83E0-C6E100F48C29}.Debug|Any CPU.Build.0 = Debug|Any CPU
		{CAC10C6B-86EA-473E-83E0-C6E100F48C29}.Release|Any CPU.ActiveCfg = Release|Any CPU
		{CAC10C6B-86EA-473E-83E0-C6E100F48C29}.Release|Any CPU.Build.0 = Release|Any CPU
		{8E06B754-FD62-4AC3-9260-D18957AC1227}.Debug|Any CPU.ActiveCfg = Debug|Any CPU
		{8E06B754-FD62-4AC3-9260-D18957AC1227}.Debug|Any CPU.Build.0 = Debug|Any CPU
		{8E06B754-FD62-4AC3-9260-D18957AC1227}.Release|Any CPU.ActiveCfg = Release|Any CPU
		{8E06B754-FD62-4AC3-9260-D18957AC1227}.Release|Any CPU.Build.0 = Release|Any CPU
		{624B21BD-6AEB-4ED7-B814-65718EEE8710}.Debug|Any CPU.ActiveCfg = Debug|Any CPU
		{624B21BD-6AEB-4ED7-B814-65718EEE8710}.Debug|Any CPU.Build.0 = Debug|Any CPU
		{624B21BD-6AEB-4ED7-B814-65718EEE8710}.Release|Any CPU.ActiveCfg = Release|Any CPU
		{624B21BD-6AEB-4ED7-B814-65718EEE8710}.Release|Any CPU.Build.0 = Release|Any CPU
		{F233077E-CCC0-4222-B72A-259DD7FC0D92}.Debug|Any CPU.ActiveCfg = Debug|Any CPU
		{F233077E-CCC0-4222-B72A-259DD7FC0D92}.Debug|Any CPU.Build.0 = Debug|Any CPU
		{F233077E-CCC0-4222-B72A-259DD7FC0D92}.Release|Any CPU.ActiveCfg = Release|Any CPU
		{F233077E-CCC0-4222-B72A-259DD7FC0D92}.Release|Any CPU.Build.0 = Release|Any CPU
		{1EE58DF6-655C-451A-84B5-FC7C0CAB0852}.Debug|Any CPU.ActiveCfg = Debug|Any CPU
		{1EE58DF6-655C-451A-84B5-FC7C0CAB0852}.Debug|Any CPU.Build.0 = Debug|Any CPU
		{1EE58DF6-655C-451A-84B5-FC7C0CAB0852}.Release|Any CPU.ActiveCfg = Release|Any CPU
		{1EE58DF6-655C-451A-84B5-FC7C0CAB0852}.Release|Any CPU.Build.0 = Release|Any CPU
		{0C3B0C2C-4F3C-4BAF-A28F-940F9280D600}.Debug|Any CPU.ActiveCfg = Debug|Any CPU
		{0C3B0C2C-4F3C-4BAF-A28F-940F9280D600}.Debug|Any CPU.Build.0 = Debug|Any CPU
		{0C3B0C2C-4F3C-4BAF-A28F-940F9280D600}.Release|Any CPU.ActiveCfg = Release|Any CPU
		{0C3B0C2C-4F3C-4BAF-A28F-940F9280D600}.Release|Any CPU.Build.0 = Release|Any CPU
	EndGlobalSection
	GlobalSection(SolutionProperties) = preSolution
		HideSolutionNode = FALSE
	EndGlobalSection
	GlobalSection(ExtensibilityGlobals) = postSolution
		SolutionGuid = {B9322877-5AAE-438D-9A17-116659FBFEE2}
	EndGlobalSection
EndGlobal
