
Microsoft Visual Studio Solution File, Format Version 12.00
# Visual Studio Version 17
VisualStudioVersion = 17.1.32210.238
MinimumVisualStudioVersion = 10.0.40219.1
Project("{9A19103F-16F7-4668-BE54-9A1E7A4F7556}") = "A71", "A71\A71.csproj", "{AC942BE1-2068-43E3-AC91-BEF97E16B5CC}"
EndProject
Project("{9A19103F-16F7-4668-BE54-9A1E7A4F7556}") = "A282", "A282\A282.csproj", "{9C39B84C-73B7-44C4-991F-E444424985CE}"
EndProject
Project("{9A19103F-16F7-4668-BE54-9A1E7A4F7556}") = "A263", "A263\A263.csproj", "{387F952C-F9A7-4BBC-AA9B-77290F4826CD}"
EndProject
Project("{9A19103F-16F7-4668-BE54-9A1E7A4F7556}") = "A112", "A112\A112.csproj", "{BE2F3974-9170-4E10-A11D-AA5AF6206E25}"
EndProject
Project("{9A19103F-16F7-4668-BE54-9A1E7A4F7556}") = "A158", "A158\A158.csproj", "{BD3F7597-C2B5-4613-96BD-70153A00C416}"
EndProject
Project("{9A19103F-16F7-4668-BE54-9A1E7A4F7556}") = "B339", "B339\B339.csproj", "{E618EEBD-2376-4CB9-B8E3-CBCBF7C7B7BA}"
EndProject
Project("{9A19103F-16F7-4668-BE54-9A1E7A4F7556}") = "A677", "A677\A677.csproj", "{5C637CE4-5E97-42DD-919F-1EFD083A4297}"
EndProject
Project("{9A19103F-16F7-4668-BE54-9A1E7A4F7556}") = "A118", "A118\A118.csproj", "{0B8B3DFF-F793-4477-8266-0DCBC7F01FF2}"
EndProject
Project("{9A19103F-16F7-4668-BE54-9A1E7A4F7556}") = "A339", "A339\A339.csproj", "{CFB4FA9E-CD62-4DBB-BF02-1DB1AF2680D0}"
EndProject
Project("{9A19103F-16F7-4668-BE54-9A1E7A4F7556}") = "A266", "A266\A266.csproj", "{8E1C155F-0F5F-4B40-8B36-0B7FE216B892}"
EndProject
Project("{9A19103F-16F7-4668-BE54-9A1E7A4F7556}") = "A236", "A236\A236.csproj", "{2C1BB392-69DA-45B3-85A8-0F02804471DD}"
EndProject
Project("{9A19103F-16F7-4668-BE54-9A1E7A4F7556}") = "A96", "A96\A96.csproj", "{CC3A2042-DE5C-4195-ABC2-C36BC52717DD}"
EndProject
Project("{9A19103F-16F7-4668-BE54-9A1E7A4F7556}") = "A546", "A546\A546.csproj", "{42794954-CB13-4856-AEAD-28FB7AE06F85}"
EndProject
Project("{9A19103F-16F7-4668-BE54-9A1E7A4F7556}") = "A791", "A791\A791.csproj", "{55A26BDB-A4E8-4546-8839-F7BA2D9A87CF}"
EndProject
Project("{9A19103F-16F7-4668-BE54-9A1E7A4F7556}") = "A977", "A977\A977.csproj", "{7A7AC935-4CE0-48D4-8B92-B058EA168C68}"
EndProject
Project("{9A19103F-16F7-4668-BE54-9A1E7A4F7556}") = "A617", "A617\A617.csproj", "{52EC0834-7F04-4458-B18E-319CC405A355}"
EndProject
Project("{9A19103F-16F7-4668-BE54-9A1E7A4F7556}") = "A59", "A59\A59.csproj", "{6F0C6EBC-91D0-4114-BEE6-1E2D0486BCF3}"
EndProject
Project("{9A19103F-16F7-4668-BE54-9A1E7A4F7556}") = "A116", "A116\A116.csproj", "{83874995-35E3-4BD8-B790-A1C54D201711}"
EndProject
Project("{9A19103F-16F7-4668-BE54-9A1E7A4F7556}") = "A58", "A58\A58.csproj", "{50176D10-2C1A-452B-8BEC-5558B1299215}"
EndProject
Project("{9A19103F-16F7-4668-BE54-9A1E7A4F7556}") = "A133", "A133\A133.csproj", "{8D896EFB-1D53-4D56-B3B0-024B40057A0A}"
EndProject
Project("{9A19103F-16F7-4668-BE54-9A1E7A4F7556}") = "B200", "B200\B200.csproj", "{987345D3-A701-40C1-BE8B-03D0968705E3}"
EndProject
Project("{9A19103F-16F7-4668-BE54-9A1E7A4F7556}") = "A707", "A707\A707.csproj", "{A72C45F8-F34D-450C-A85E-A7521E12267A}"
EndProject
Project("{9A19103F-16F7-4668-BE54-9A1E7A4F7556}") = "A43", "A43\A43.csproj", "{C188E8A4-7560-4265-84A0-9E6591E80090}"
EndProject
Project("{9A19103F-16F7-4668-BE54-9A1E7A4F7556}") = "A208", "A208\A208.csproj", "{712BCF24-0F40-4019-86E9-6356FEBF9E5B}"
EndProject
Project("{9A19103F-16F7-4668-BE54-9A1E7A4F7556}") = "B32", "B32\B32.csproj", "{754800F1-48D3-4CDD-8E09-14889BC19D6A}"
EndProject
Project("{9A19103F-16F7-4668-BE54-9A1E7A4F7556}") = "Test", "Test\Test.csproj", "{98E1C5FB-8440-49F4-8A69-41D37B70EED7}"
EndProject
Project("{FAE04EC0-301F-11D3-BF4B-00C04F79EFBC}") = "A65", "A65\A65.csproj", "{81A8655D-8B5C-4E8F-8BC2-22E912FD93EB}"
EndProject
Project("{FAE04EC0-301F-11D3-BF4B-00C04F79EFBC}") = "A63", "A63\A63.csproj", "{126B4D34-96E9-4DA1-B010-F62393D53A1E}"
EndProject
Global
	GlobalSection(SolutionConfigurationPlatforms) = preSolution
		Debug|Any CPU = Debug|Any CPU
		Release|Any CPU = Release|Any CPU
	EndGlobalSection
	GlobalSection(ProjectConfigurationPlatforms) = postSolution
		{AC942BE1-2068-43E3-AC91-BEF97E16B5CC}.Debug|Any CPU.ActiveCfg = Debug|Any CPU
		{AC942BE1-2068-43E3-AC91-BEF97E16B5CC}.Debug|Any CPU.Build.0 = Debug|Any CPU
		{AC942BE1-2068-43E3-AC91-BEF97E16B5CC}.Release|Any CPU.ActiveCfg = Release|Any CPU
		{AC942BE1-2068-43E3-AC91-BEF97E16B5CC}.Release|Any CPU.Build.0 = Release|Any CPU
		{9C39B84C-73B7-44C4-991F-E444424985CE}.Debug|Any CPU.ActiveCfg = Debug|Any CPU
		{9C39B84C-73B7-44C4-991F-E444424985CE}.Debug|Any CPU.Build.0 = Debug|Any CPU
		{9C39B84C-73B7-44C4-991F-E444424985CE}.Release|Any CPU.ActiveCfg = Release|Any CPU
		{9C39B84C-73B7-44C4-991F-E444424985CE}.Release|Any CPU.Build.0 = Release|Any CPU
		{387F952C-F9A7-4BBC-AA9B-77290F4826CD}.Debug|Any CPU.ActiveCfg = Debug|Any CPU
		{387F952C-F9A7-4BBC-AA9B-77290F4826CD}.Debug|Any CPU.Build.0 = Debug|Any CPU
		{387F952C-F9A7-4BBC-AA9B-77290F4826CD}.Release|Any CPU.ActiveCfg = Release|Any CPU
		{387F952C-F9A7-4BBC-AA9B-77290F4826CD}.Release|Any CPU.Build.0 = Release|Any CPU
		{BE2F3974-9170-4E10-A11D-AA5AF6206E25}.Debug|Any CPU.ActiveCfg = Debug|Any CPU
		{BE2F3974-9170-4E10-A11D-AA5AF6206E25}.Debug|Any CPU.Build.0 = Debug|Any CPU
		{BE2F3974-9170-4E10-A11D-AA5AF6206E25}.Release|Any CPU.ActiveCfg = Release|Any CPU
		{BE2F3974-9170-4E10-A11D-AA5AF6206E25}.Release|Any CPU.Build.0 = Release|Any CPU
		{BD3F7597-C2B5-4613-96BD-70153A00C416}.Debug|Any CPU.ActiveCfg = Debug|Any CPU
		{BD3F7597-C2B5-4613-96BD-70153A00C416}.Debug|Any CPU.Build.0 = Debug|Any CPU
		{BD3F7597-C2B5-4613-96BD-70153A00C416}.Release|Any CPU.ActiveCfg = Release|Any CPU
		{BD3F7597-C2B5-4613-96BD-70153A00C416}.Release|Any CPU.Build.0 = Release|Any CPU
		{E618EEBD-2376-4CB9-B8E3-CBCBF7C7B7BA}.Debug|Any CPU.ActiveCfg = Debug|Any CPU
		{E618EEBD-2376-4CB9-B8E3-CBCBF7C7B7BA}.Debug|Any CPU.Build.0 = Debug|Any CPU
		{E618EEBD-2376-4CB9-B8E3-CBCBF7C7B7BA}.Release|Any CPU.ActiveCfg = Release|Any CPU
		{E618EEBD-2376-4CB9-B8E3-CBCBF7C7B7BA}.Release|Any CPU.Build.0 = Release|Any CPU
		{5C637CE4-5E97-42DD-919F-1EFD083A4297}.Debug|Any CPU.ActiveCfg = Debug|Any CPU
		{5C637CE4-5E97-42DD-919F-1EFD083A4297}.Debug|Any CPU.Build.0 = Debug|Any CPU
		{5C637CE4-5E97-42DD-919F-1EFD083A4297}.Release|Any CPU.ActiveCfg = Release|Any CPU
		{5C637CE4-5E97-42DD-919F-1EFD083A4297}.Release|Any CPU.Build.0 = Release|Any CPU
		{0B8B3DFF-F793-4477-8266-0DCBC7F01FF2}.Debug|Any CPU.ActiveCfg = Debug|Any CPU
		{0B8B3DFF-F793-4477-8266-0DCBC7F01FF2}.Debug|Any CPU.Build.0 = Debug|Any CPU
		{0B8B3DFF-F793-4477-8266-0DCBC7F01FF2}.Release|Any CPU.ActiveCfg = Release|Any CPU
		{0B8B3DFF-F793-4477-8266-0DCBC7F01FF2}.Release|Any CPU.Build.0 = Release|Any CPU
		{CFB4FA9E-CD62-4DBB-BF02-1DB1AF2680D0}.Debug|Any CPU.ActiveCfg = Debug|Any CPU
		{CFB4FA9E-CD62-4DBB-BF02-1DB1AF2680D0}.Debug|Any CPU.Build.0 = Debug|Any CPU
		{CFB4FA9E-CD62-4DBB-BF02-1DB1AF2680D0}.Release|Any CPU.ActiveCfg = Release|Any CPU
		{CFB4FA9E-CD62-4DBB-BF02-1DB1AF2680D0}.Release|Any CPU.Build.0 = Release|Any CPU
		{8E1C155F-0F5F-4B40-8B36-0B7FE216B892}.Debug|Any CPU.ActiveCfg = Debug|Any CPU
		{8E1C155F-0F5F-4B40-8B36-0B7FE216B892}.Debug|Any CPU.Build.0 = Debug|Any CPU
		{8E1C155F-0F5F-4B40-8B36-0B7FE216B892}.Release|Any CPU.ActiveCfg = Release|Any CPU
		{8E1C155F-0F5F-4B40-8B36-0B7FE216B892}.Release|Any CPU.Build.0 = Release|Any CPU
		{2C1BB392-69DA-45B3-85A8-0F02804471DD}.Debug|Any CPU.ActiveCfg = Debug|Any CPU
		{2C1BB392-69DA-45B3-85A8-0F02804471DD}.Debug|Any CPU.Build.0 = Debug|Any CPU
		{2C1BB392-69DA-45B3-85A8-0F02804471DD}.Release|Any CPU.ActiveCfg = Release|Any CPU
		{2C1BB392-69DA-45B3-85A8-0F02804471DD}.Release|Any CPU.Build.0 = Release|Any CPU
		{CC3A2042-DE5C-4195-ABC2-C36BC52717DD}.Debug|Any CPU.ActiveCfg = Debug|Any CPU
		{CC3A2042-DE5C-4195-ABC2-C36BC52717DD}.Debug|Any CPU.Build.0 = Debug|Any CPU
		{CC3A2042-DE5C-4195-ABC2-C36BC52717DD}.Release|Any CPU.ActiveCfg = Release|Any CPU
		{CC3A2042-DE5C-4195-ABC2-C36BC52717DD}.Release|Any CPU.Build.0 = Release|Any CPU
		{42794954-CB13-4856-AEAD-28FB7AE06F85}.Debug|Any CPU.ActiveCfg = Debug|Any CPU
		{42794954-CB13-4856-AEAD-28FB7AE06F85}.Debug|Any CPU.Build.0 = Debug|Any CPU
		{42794954-CB13-4856-AEAD-28FB7AE06F85}.Release|Any CPU.ActiveCfg = Release|Any CPU
		{42794954-CB13-4856-AEAD-28FB7AE06F85}.Release|Any CPU.Build.0 = Release|Any CPU
		{55A26BDB-A4E8-4546-8839-F7BA2D9A87CF}.Debug|Any CPU.ActiveCfg = Debug|Any CPU
		{55A26BDB-A4E8-4546-8839-F7BA2D9A87CF}.Debug|Any CPU.Build.0 = Debug|Any CPU
		{55A26BDB-A4E8-4546-8839-F7BA2D9A87CF}.Release|Any CPU.ActiveCfg = Release|Any CPU
		{55A26BDB-A4E8-4546-8839-F7BA2D9A87CF}.Release|Any CPU.Build.0 = Release|Any CPU
		{7A7AC935-4CE0-48D4-8B92-B058EA168C68}.Debug|Any CPU.ActiveCfg = Debug|Any CPU
		{7A7AC935-4CE0-48D4-8B92-B058EA168C68}.Debug|Any CPU.Build.0 = Debug|Any CPU
		{7A7AC935-4CE0-48D4-8B92-B058EA168C68}.Release|Any CPU.ActiveCfg = Release|Any CPU
		{7A7AC935-4CE0-48D4-8B92-B058EA168C68}.Release|Any CPU.Build.0 = Release|Any CPU
		{52EC0834-7F04-4458-B18E-319CC405A355}.Debug|Any CPU.ActiveCfg = Debug|Any CPU
		{52EC0834-7F04-4458-B18E-319CC405A355}.Debug|Any CPU.Build.0 = Debug|Any CPU
		{52EC0834-7F04-4458-B18E-319CC405A355}.Release|Any CPU.ActiveCfg = Release|Any CPU
		{52EC0834-7F04-4458-B18E-319CC405A355}.Release|Any CPU.Build.0 = Release|Any CPU
		{6F0C6EBC-91D0-4114-BEE6-1E2D0486BCF3}.Debug|Any CPU.ActiveCfg = Debug|Any CPU
		{6F0C6EBC-91D0-4114-BEE6-1E2D0486BCF3}.Debug|Any CPU.Build.0 = Debug|Any CPU
		{6F0C6EBC-91D0-4114-BEE6-1E2D0486BCF3}.Release|Any CPU.ActiveCfg = Release|Any CPU
		{6F0C6EBC-91D0-4114-BEE6-1E2D0486BCF3}.Release|Any CPU.Build.0 = Release|Any CPU
		{83874995-35E3-4BD8-B790-A1C54D201711}.Debug|Any CPU.ActiveCfg = Debug|Any CPU
		{83874995-35E3-4BD8-B790-A1C54D201711}.Debug|Any CPU.Build.0 = Debug|Any CPU
		{83874995-35E3-4BD8-B790-A1C54D201711}.Release|Any CPU.ActiveCfg = Release|Any CPU
		{83874995-35E3-4BD8-B790-A1C54D201711}.Release|Any CPU.Build.0 = Release|Any CPU
		{50176D10-2C1A-452B-8BEC-5558B1299215}.Debug|Any CPU.ActiveCfg = Debug|Any CPU
		{50176D10-2C1A-452B-8BEC-5558B1299215}.Debug|Any CPU.Build.0 = Debug|Any CPU
		{50176D10-2C1A-452B-8BEC-5558B1299215}.Release|Any CPU.ActiveCfg = Release|Any CPU
		{50176D10-2C1A-452B-8BEC-5558B1299215}.Release|Any CPU.Build.0 = Release|Any CPU
		{8D896EFB-1D53-4D56-B3B0-024B40057A0A}.Debug|Any CPU.ActiveCfg = Debug|Any CPU
		{8D896EFB-1D53-4D56-B3B0-024B40057A0A}.Debug|Any CPU.Build.0 = Debug|Any CPU
		{8D896EFB-1D53-4D56-B3B0-024B40057A0A}.Release|Any CPU.ActiveCfg = Release|Any CPU
		{8D896EFB-1D53-4D56-B3B0-024B40057A0A}.Release|Any CPU.Build.0 = Release|Any CPU
		{987345D3-A701-40C1-BE8B-03D0968705E3}.Debug|Any CPU.ActiveCfg = Debug|Any CPU
		{987345D3-A701-40C1-BE8B-03D0968705E3}.Debug|Any CPU.Build.0 = Debug|Any CPU
		{987345D3-A701-40C1-BE8B-03D0968705E3}.Release|Any CPU.ActiveCfg = Release|Any CPU
		{987345D3-A701-40C1-BE8B-03D0968705E3}.Release|Any CPU.Build.0 = Release|Any CPU
		{A72C45F8-F34D-450C-A85E-A7521E12267A}.Debug|Any CPU.ActiveCfg = Debug|Any CPU
		{A72C45F8-F34D-450C-A85E-A7521E12267A}.Debug|Any CPU.Build.0 = Debug|Any CPU
		{A72C45F8-F34D-450C-A85E-A7521E12267A}.Release|Any CPU.ActiveCfg = Release|Any CPU
		{A72C45F8-F34D-450C-A85E-A7521E12267A}.Release|Any CPU.Build.0 = Release|Any CPU
		{C188E8A4-7560-4265-84A0-9E6591E80090}.Debug|Any CPU.ActiveCfg = Debug|Any CPU
		{C188E8A4-7560-4265-84A0-9E6591E80090}.Debug|Any CPU.Build.0 = Debug|Any CPU
		{C188E8A4-7560-4265-84A0-9E6591E80090}.Release|Any CPU.ActiveCfg = Release|Any CPU
		{C188E8A4-7560-4265-84A0-9E6591E80090}.Release|Any CPU.Build.0 = Release|Any CPU
		{712BCF24-0F40-4019-86E9-6356FEBF9E5B}.Debug|Any CPU.ActiveCfg = Debug|Any CPU
		{712BCF24-0F40-4019-86E9-6356FEBF9E5B}.Debug|Any CPU.Build.0 = Debug|Any CPU
		{712BCF24-0F40-4019-86E9-6356FEBF9E5B}.Release|Any CPU.ActiveCfg = Release|Any CPU
		{712BCF24-0F40-4019-86E9-6356FEBF9E5B}.Release|Any CPU.Build.0 = Release|Any CPU
		{754800F1-48D3-4CDD-8E09-14889BC19D6A}.Debug|Any CPU.ActiveCfg = Debug|Any CPU
		{754800F1-48D3-4CDD-8E09-14889BC19D6A}.Debug|Any CPU.Build.0 = Debug|Any CPU
		{754800F1-48D3-4CDD-8E09-14889BC19D6A}.Release|Any CPU.ActiveCfg = Release|Any CPU
		{754800F1-48D3-4CDD-8E09-14889BC19D6A}.Release|Any CPU.Build.0 = Release|Any CPU
		{98E1C5FB-8440-49F4-8A69-41D37B70EED7}.Debug|Any CPU.ActiveCfg = Debug|Any CPU
		{98E1C5FB-8440-49F4-8A69-41D37B70EED7}.Debug|Any CPU.Build.0 = Debug|Any CPU
		{98E1C5FB-8440-49F4-8A69-41D37B70EED7}.Release|Any CPU.ActiveCfg = Release|Any CPU
		{98E1C5FB-8440-49F4-8A69-41D37B70EED7}.Release|Any CPU.Build.0 = Release|Any CPU
		{81A8655D-8B5C-4E8F-8BC2-22E912FD93EB}.Debug|Any CPU.ActiveCfg = Debug|Any CPU
		{81A8655D-8B5C-4E8F-8BC2-22E912FD93EB}.Debug|Any CPU.Build.0 = Debug|Any CPU
		{81A8655D-8B5C-4E8F-8BC2-22E912FD93EB}.Release|Any CPU.ActiveCfg = Release|Any CPU
		{81A8655D-8B5C-4E8F-8BC2-22E912FD93EB}.Release|Any CPU.Build.0 = Release|Any CPU
		{126B4D34-96E9-4DA1-B010-F62393D53A1E}.Debug|Any CPU.ActiveCfg = Debug|Any CPU
		{126B4D34-96E9-4DA1-B010-F62393D53A1E}.Debug|Any CPU.Build.0 = Debug|Any CPU
		{126B4D34-96E9-4DA1-B010-F62393D53A1E}.Release|Any CPU.ActiveCfg = Release|Any CPU
		{126B4D34-96E9-4DA1-B010-F62393D53A1E}.Release|Any CPU.Build.0 = Release|Any CPU
	EndGlobalSection
	GlobalSection(SolutionProperties) = preSolution
		HideSolutionNode = FALSE
	EndGlobalSection
	GlobalSection(ExtensibilityGlobals) = postSolution
		SolutionGuid = {B9322877-5AAE-438D-9A17-116659FBFEE2}
	EndGlobalSection
EndGlobal
