
Microsoft Visual Studio Solution File, Format Version 12.00
# Visual Studio Version 17
VisualStudioVersion = 17.2.32616.157
MinimumVisualStudioVersion = 10.0.40219.1
Project("{9A19103F-16F7-4668-BE54-9A1E7A4F7556}") = "A1611", "A1611\A1611.csproj", "{F9B3F670-1E44-495A-B56D-33C82AE3E6CF}"
EndProject
Project("{9A19103F-16F7-4668-BE54-9A1E7A4F7556}") = "B1611", "B1611\B1611.csproj", "{392C2AE5-3D5C-49A9-BC78-FD8CD7CA56A5}"
EndProject
Project("{9A19103F-16F7-4668-BE54-9A1E7A4F7556}") = "A1700", "A1700\A1700.csproj", "{9DA53774-93C8-4CD6-9432-7FE37FCDF0FE}"
EndProject
Project("{9A19103F-16F7-4668-BE54-9A1E7A4F7556}") = "C1692", "C1692\C1692.csproj", "{5D801CDF-131E-424B-B0C2-1A1F5371E41A}"
EndProject
Project("{9A19103F-16F7-4668-BE54-9A1E7A4F7556}") = "A1698", "A1698\A1698.csproj", "{33FD9E5B-0ED8-45E1-AAB3-02E249ED85A2}"
EndProject
Project("{9A19103F-16F7-4668-BE54-9A1E7A4F7556}") = "Test", "Test\Test.csproj", "{1FE64E0C-98FB-4102-AE95-3BDA6561C9A4}"
EndProject
Project("{9A19103F-16F7-4668-BE54-9A1E7A4F7556}") = "A1699", "A1699\A1699.csproj", "{2EB12BD4-2227-46E2-8996-860672121D46}"
EndProject
Project("{9A19103F-16F7-4668-BE54-9A1E7A4F7556}") = "A1682", "A1682\A1682.csproj", "{8E7F466A-6935-4A7D-88C0-8B7D9E34F51E}"
EndProject
Project("{9A19103F-16F7-4668-BE54-9A1E7A4F7556}") = "A337", "A337\A337.csproj", "{D3D53F37-5519-4B51-8D3A-D55E00200CA3}"
EndProject
Project("{9A19103F-16F7-4668-BE54-9A1E7A4F7556}") = "D1692", "D1692\D1692.csproj", "{38FAA1C7-9E5F-4827-9282-3B7336310E3D}"
EndProject
Project("{9A19103F-16F7-4668-BE54-9A1E7A4F7556}") = "A1520", "A1520\A1520.csproj", "{896CD7DE-27B2-41AB-9F9D-8A396E88D947}"
EndProject
Project("{9A19103F-16F7-4668-BE54-9A1E7A4F7556}") = "A1694", "A1694\A1694.csproj", "{7983A49C-99F5-4DF0-A9C6-2EB82DAAC58D}"
EndProject
Project("{9A19103F-16F7-4668-BE54-9A1E7A4F7556}") = "B1697", "B1697\B1697.csproj", "{5D58360A-C28D-4B99-9625-727DFB0ADA01}"
EndProject
Project("{9A19103F-16F7-4668-BE54-9A1E7A4F7556}") = "B1398", "B1398\B1398.csproj", "{75AAB0A8-AA5A-4DC4-B319-CB6F3D701418}"
EndProject
Project("{9A19103F-16F7-4668-BE54-9A1E7A4F7556}") = "B1696", "B1696\B1696.csproj", "{1EC22B90-9AB8-4C78-8B13-BC5B592A4E9D}"
EndProject
Project("{9A19103F-16F7-4668-BE54-9A1E7A4F7556}") = "A1697", "A1697\A1697.csproj", "{2D6566C2-BC9F-444B-A34E-DBD1B0F9166A}"
EndProject
Project("{9A19103F-16F7-4668-BE54-9A1E7A4F7556}") = "A1692", "A1692\A1692.csproj", "{DF409C4E-F033-45D1-9AC5-2CA0E83CC66D}"
EndProject
Project("{9A19103F-16F7-4668-BE54-9A1E7A4F7556}") = "B1692", "B1692\B1692.csproj", "{80ADD78F-D853-4A28-B5E7-AFF79F21D71D}"
EndProject
Project("{9A19103F-16F7-4668-BE54-9A1E7A4F7556}") = "A579", "A579\A579.csproj", "{21317F1F-560A-4132-AE12-D984678BAD6D}"
EndProject
Project("{9A19103F-16F7-4668-BE54-9A1E7A4F7556}") = "A1701", "A1701\A1701.csproj", "{DF7B66D1-A7DB-469B-BD71-32EDBCC861E6}"
EndProject
Project("{9A19103F-16F7-4668-BE54-9A1E7A4F7556}") = "B1702", "B1702\B1702.csproj", "{FCF7DC76-9CA9-463E-989C-967BD169A53D}"
EndProject
Project("{9A19103F-16F7-4668-BE54-9A1E7A4F7556}") = "B1695", "B1695\B1695.csproj", "{DC0B00DF-CA48-4132-A310-852752ED605A}"
EndProject
Project("{9A19103F-16F7-4668-BE54-9A1E7A4F7556}") = "A1686", "A1686\A1686.csproj", "{E158B329-B881-4AAF-B4E9-AD6849DC1BB4}"
EndProject
Project("{9A19103F-16F7-4668-BE54-9A1E7A4F7556}") = "A1691", "A1691\A1691.csproj", "{FFD71363-020F-45D7-A25D-C4AFF973DFDC}"
EndProject
Project("{9A19103F-16F7-4668-BE54-9A1E7A4F7556}") = "A1688", "A1688\A1688.csproj", "{DB7CA254-C185-4769-8576-5C13ACA4FBCD}"
EndProject
Project("{9A19103F-16F7-4668-BE54-9A1E7A4F7556}") = "A1703", "A1703\A1703.csproj", "{F849EF86-0A8E-43DD-983D-C3EA2F1F2394}"
EndProject
Project("{9A19103F-16F7-4668-BE54-9A1E7A4F7556}") = "C1703", "C1703\C1703.csproj", "{D6A10ED9-D24B-443A-AB4B-3296C9FC1AEC}"
EndProject
Project("{9A19103F-16F7-4668-BE54-9A1E7A4F7556}") = "A520", "A520\A520.csproj", "{843AC1D9-4326-48F3-BCF0-CDDE9D4DE9C6}"
EndProject
Project("{9A19103F-16F7-4668-BE54-9A1E7A4F7556}") = "A155", "A155\A155.csproj", "{62F69AF4-4603-4558-B708-5E6EE6EC39CA}"
EndProject
Project("{9A19103F-16F7-4668-BE54-9A1E7A4F7556}") = "B1_1678", "B1_1678\B1_1678.csproj", "{88645E6A-7DD1-4D61-A388-157E2570D6C2}"
EndProject
Project("{9A19103F-16F7-4668-BE54-9A1E7A4F7556}") = "A1675", "A1675\A1675.csproj", "{46F00DDB-CE46-431B-AC4A-0ACCDDED1127}"
EndProject
Project("{9A19103F-16F7-4668-BE54-9A1E7A4F7556}") = "A1676", "A1676\A1676.csproj", "{8D5F9605-1D9D-448E-8A99-6A243BFFCA41}"
EndProject
Project("{9A19103F-16F7-4668-BE54-9A1E7A4F7556}") = "A1678", "A1678\A1678.csproj", "{55B93499-4234-4226-A4B1-741969A7879E}"
EndProject
Project("{9A19103F-16F7-4668-BE54-9A1E7A4F7556}") = "A1669", "A1669\A1669.csproj", "{5526134E-6D48-4EEF-BBDE-C2BD599AC794}"
EndProject
Project("{9A19103F-16F7-4668-BE54-9A1E7A4F7556}") = "A1671", "A1671\A1671.csproj", "{B1EA66EB-3C0D-470B-9400-58E60A9C92F6}"
EndProject
Project("{9A19103F-16F7-4668-BE54-9A1E7A4F7556}") = "A1660", "A1660\A1660.csproj", "{64879B4E-5544-4FA1-B46F-C477EFCE3329}"
EndProject
Project("{9A19103F-16F7-4668-BE54-9A1E7A4F7556}") = "B1660", "B1660\B1660.csproj", "{F80C4422-C87E-44BE-9CC7-6329A0951078}"
EndProject
Project("{9A19103F-16F7-4668-BE54-9A1E7A4F7556}") = "A1651", "A1651\A1651.csproj", "{6988969E-3E2A-480A-A04E-D953CA9E9BCE}"
EndProject
Project("{9A19103F-16F7-4668-BE54-9A1E7A4F7556}") = "A1649", "A1649\A1649.csproj", "{3910D187-D254-4369-A467-428D3A00CE5D}"
EndProject
Project("{9A19103F-16F7-4668-BE54-9A1E7A4F7556}") = "A1634", "A1634\A1634.csproj", "{FBBBFED7-AEBB-49B7-80EA-2B2B66D86087}"
EndProject
Project("{9A19103F-16F7-4668-BE54-9A1E7A4F7556}") = "A1644", "A1644\A1644.csproj", "{12604FD2-D0A6-4D7B-B127-2DB2F923CB7F}"
EndProject
Project("{9A19103F-16F7-4668-BE54-9A1E7A4F7556}") = "A1619", "A1619\A1619.csproj", "{571177C5-106F-4511-B5FB-D0886D4376E0}"
EndProject
Project("{9A19103F-16F7-4668-BE54-9A1E7A4F7556}") = "A1616", "A1616\A1616.csproj", "{4724D2B9-D645-44A0-9CCC-F170862D16F0}"
EndProject
Project("{9A19103F-16F7-4668-BE54-9A1E7A4F7556}") = "B1618", "B1618\B1618.csproj", "{058CAF8D-3FA2-4EBB-A71F-C9D2F0990835}"
EndProject
Project("{9A19103F-16F7-4668-BE54-9A1E7A4F7556}") = "A1624", "A1624\A1624.csproj", "{B12FBEA4-4E03-4A28-BB2B-0C30287D3E15}"
EndProject
Project("{9A19103F-16F7-4668-BE54-9A1E7A4F7556}") = "A1618", "A1618\A1618.csproj", "{B2DD2777-0C14-4B6E-88ED-D4FEDBC4D8F9}"
EndProject
Project("{9A19103F-16F7-4668-BE54-9A1E7A4F7556}") = "A1606", "A1606\A1606.csproj", "{6EB0913D-AB6D-4F79-BF87-FB3B418E7FD5}"
EndProject
Project("{9A19103F-16F7-4668-BE54-9A1E7A4F7556}") = "A1607", "A1607\A1607.csproj", "{CF90F068-517E-46EC-AE13-47947E79E7CF}"
EndProject
Project("{9A19103F-16F7-4668-BE54-9A1E7A4F7556}") = "A1708", "A1708\A1708.csproj", "{A330B7BB-98E7-4952-9D6E-0A0C08B9E1F8}"
EndProject
Project("{9A19103F-16F7-4668-BE54-9A1E7A4F7556}") = "A1705", "A1705\A1705.csproj", "{A9BF6528-7A7D-443B-AF42-C6197ACD3DBC}"
EndProject
Project("{9A19103F-16F7-4668-BE54-9A1E7A4F7556}") = "B1703", "B1703\B1703.csproj", "{D8523552-0BE2-455C-A7FC-B0BE04188941}"
EndProject
Project("{9A19103F-16F7-4668-BE54-9A1E7A4F7556}") = "C1714", "C1714\C1714.csproj", "{44961AC7-C900-4641-9AB5-40101FB5CD4C}"
EndProject
Project("{9A19103F-16F7-4668-BE54-9A1E7A4F7556}") = "A1684", "A1684\A1684.csproj", "{BEA64A26-BCA6-48CF-BEE7-EBBD70487F96}"
EndProject
Project("{9A19103F-16F7-4668-BE54-9A1E7A4F7556}") = "B1714", "B1714\B1714.csproj", "{75C565CC-7B93-4D12-B0AD-69237C4FB6DB}"
EndProject
Project("{9A19103F-16F7-4668-BE54-9A1E7A4F7556}") = "A1613", "A1613\A1613.csproj", "{6267D53D-318B-48DD-A0FB-B4938649E110}"
EndProject
Project("{9A19103F-16F7-4668-BE54-9A1E7A4F7556}") = "B230", "B230\B230.csproj", "{D8C08277-19FA-453D-ADB7-0186F972CD43}"
EndProject
Project("{9A19103F-16F7-4668-BE54-9A1E7A4F7556}") = "C519", "C519\C519.csproj", "{6FE0A7C2-25D4-4C67-8393-0ACEA907C2E5}"
EndProject
Project("{9A19103F-16F7-4668-BE54-9A1E7A4F7556}") = "A573", "A573\A573.csproj", "{A387B4CE-0B8D-4A3E-8712-07782A1BD690}"
EndProject
Project("{9A19103F-16F7-4668-BE54-9A1E7A4F7556}") = "A1714", "A1714\A1714.csproj", "{2FCB57B4-8F61-4404-9653-345D8026DB1A}"
EndProject
Project("{9A19103F-16F7-4668-BE54-9A1E7A4F7556}") = "A1709", "A1709\A1709.csproj", "{3FF66394-BE6E-4C3C-A8B2-E5009DAE9BC8}"
EndProject
Project("{9A19103F-16F7-4668-BE54-9A1E7A4F7556}") = "A1702", "A1702\A1702.csproj", "{6F5865B0-259C-4618-8EEA-270F87627D67}"
EndProject
Project("{9A19103F-16F7-4668-BE54-9A1E7A4F7556}") = "A1716", "A1716\A1716.csproj", "{F6D22A9D-0B42-401D-AEA7-FCD3B42F50C5}"
EndProject
Project("{9A19103F-16F7-4668-BE54-9A1E7A4F7556}") = "A1713", "A1713\A1713.csproj", "{E7DB9A27-C027-4A61-BFD9-0432132AFC60}"
EndProject
Project("{9A19103F-16F7-4668-BE54-9A1E7A4F7556}") = "A160", "A160\A160.csproj", "{66EF8D4E-2976-460B-806D-1E7125E01A9E}"
EndProject
Project("{9A19103F-16F7-4668-BE54-9A1E7A4F7556}") = "A228", "A228\A228.csproj", "{EB7EB54A-9E9C-4D6A-B187-26A4F457C787}"
EndProject
Project("{9A19103F-16F7-4668-BE54-9A1E7A4F7556}") = "A405", "A405\A405.csproj", "{AF47EB21-AFD6-47DA-9C36-C4BAC106C30F}"
EndProject
Project("{9A19103F-16F7-4668-BE54-9A1E7A4F7556}") = "A469", "A469\A469.csproj", "{4219A5B2-BF38-4B1F-B319-9FE430C5C41E}"
EndProject
Project("{9A19103F-16F7-4668-BE54-9A1E7A4F7556}") = "A144", "A144\A144.csproj", "{A7FB5CE3-750D-4B1A-B112-C93743A1BEF2}"
EndProject
Project("{9A19103F-16F7-4668-BE54-9A1E7A4F7556}") = "A131", "A131\A131.csproj", "{4D28C430-AC43-4F64-AA1C-C3EF1CF20A20}"
EndProject
Project("{9A19103F-16F7-4668-BE54-9A1E7A4F7556}") = "A580", "A580\A580.csproj", "{6DF82FB2-8D12-4E88-8F28-C79E8D9C39BA}"
EndProject
Project("{9A19103F-16F7-4668-BE54-9A1E7A4F7556}") = "A1382", "A1382\A1382.csproj", "{E415C3F1-6929-43D9-95CF-CE2E9DCACA6C}"
EndProject
Project("{9A19103F-16F7-4668-BE54-9A1E7A4F7556}") = "A443", "A443\A443.csproj", "{22C4DF7D-AEE0-499D-9E20-807219423F2A}"
EndProject
Project("{9A19103F-16F7-4668-BE54-9A1E7A4F7556}") = "A148", "A148\A148.csproj", "{99F22587-5274-4F2E-AE35-33F94611A8E9}"
EndProject
Project("{9A19103F-16F7-4668-BE54-9A1E7A4F7556}") = "A785", "A785\A785.csproj", "{308A10AA-8A9B-46CE-B0F0-B6D2AD49797D}"
EndProject
Project("{9A19103F-16F7-4668-BE54-9A1E7A4F7556}") = "A268", "A268\A268.csproj", "{BD15CF0E-B1F5-4C35-A6FD-5BC73713AC24}"
EndProject
Project("{9A19103F-16F7-4668-BE54-9A1E7A4F7556}") = "A141", "A141\A141.csproj", "{7DCEDDD7-4E7A-4063-AD99-1F21155E5E8A}"
EndProject
Project("{9A19103F-16F7-4668-BE54-9A1E7A4F7556}") = "A466", "A466\A466.csproj", "{0B4A0257-ACBE-4A77-ABA3-3581D8EB75CE}"
EndProject
Project("{9A19103F-16F7-4668-BE54-9A1E7A4F7556}") = "C4", "C4\C4.csproj", "{3E1579EA-95D6-423C-9E9B-42093A2B8063}"
EndProject
Project("{9A19103F-16F7-4668-BE54-9A1E7A4F7556}") = "A1200", "A1200\A1200.csproj", "{60EBFD92-006A-4480-A538-AED3EDFAF5B2}"
EndProject
Project("{9A19103F-16F7-4668-BE54-9A1E7A4F7556}") = "C1352", "C1352\C1352.csproj", "{669EBC9D-B086-4828-A00B-561800C45A08}"
EndProject
Project("{9A19103F-16F7-4668-BE54-9A1E7A4F7556}") = "A1719", "A1719\A1719.csproj", "{1CEF7F9A-760B-4D3E-9F31-67AF9EABD032}"
EndProject
Project("{9A19103F-16F7-4668-BE54-9A1E7A4F7556}") = "A202", "A202\A202.csproj", "{7BE7F00F-E318-4A1E-9AF9-727AE8F70C90}"
EndProject
Project("{9A19103F-16F7-4668-BE54-9A1E7A4F7556}") = "B474", "B474\B474.csproj", "{34AD692C-5214-4387-88DC-0CA540184E50}"
EndProject
Project("{9A19103F-16F7-4668-BE54-9A1E7A4F7556}") = "A1366", "A1366\A1366.csproj", "{72449159-2C9C-480A-9BB5-388CA4294514}"
EndProject
Project("{9A19103F-16F7-4668-BE54-9A1E7A4F7556}") = "A1721", "A1721\A1721.csproj", "{F35913F9-C1F5-492C-BB53-9371E5127A69}"
EndProject
Project("{9A19103F-16F7-4668-BE54-9A1E7A4F7556}") = "B1721", "B1721\B1721.csproj", "{A6A72F16-C811-402C-9657-DCA4B64E3516}"
EndProject
Project("{9A19103F-16F7-4668-BE54-9A1E7A4F7556}") = "A1335", "A1335\A1335.csproj", "{FD049EE0-A72C-4ECC-A15C-5766CDA72455}"
EndProject
Project("{9A19103F-16F7-4668-BE54-9A1E7A4F7556}") = "B1722", "B1722\B1722.csproj", "{D3D631DF-AEA3-44EA-8337-9A0DE835DC4E}"
EndProject
Project("{9A19103F-16F7-4668-BE54-9A1E7A4F7556}") = "A1722", "A1722\A1722.csproj", "{3EA0D1D2-4D3F-4CAA-ACA7-DD4A6511D85F}"
EndProject
Project("{9A19103F-16F7-4668-BE54-9A1E7A4F7556}") = "A136", "A136\A136.csproj", "{4D22D686-8C49-4D77-BB1E-4D40CCF9E10D}"
EndProject
Project("{9A19103F-16F7-4668-BE54-9A1E7A4F7556}") = "A581", "A581\A581.csproj", "{B6B21347-AE02-4C62-A279-2A4BE64C603F}"
EndProject
Project("{FAE04EC0-301F-11D3-BF4B-00C04F79EFBC}") = "B1725", "B1725\B1725.csproj", "{9261B695-A9DA-4308-969C-337D4A05323F}"
EndProject
Project("{FAE04EC0-301F-11D3-BF4B-00C04F79EFBC}") = "B1729", "B1729\B1729.csproj", "{EDAB4BA9-4653-4D71-B849-A0AB07606060}"
EndProject
Project("{FAE04EC0-301F-11D3-BF4B-00C04F79EFBC}") = "C1722", "C1722\C1722.csproj", "{A6D31431-12C3-4CEB-91D5-D98B96EC6A2B}"
EndProject
Global
	GlobalSection(SolutionConfigurationPlatforms) = preSolution
		Debug|Any CPU = Debug|Any CPU
		Release|Any CPU = Release|Any CPU
	EndGlobalSection
	GlobalSection(ProjectConfigurationPlatforms) = postSolution
		{F9B3F670-1E44-495A-B56D-33C82AE3E6CF}.Debug|Any CPU.ActiveCfg = Debug|Any CPU
		{F9B3F670-1E44-495A-B56D-33C82AE3E6CF}.Debug|Any CPU.Build.0 = Debug|Any CPU
		{F9B3F670-1E44-495A-B56D-33C82AE3E6CF}.Release|Any CPU.ActiveCfg = Release|Any CPU
		{F9B3F670-1E44-495A-B56D-33C82AE3E6CF}.Release|Any CPU.Build.0 = Release|Any CPU
		{392C2AE5-3D5C-49A9-BC78-FD8CD7CA56A5}.Debug|Any CPU.ActiveCfg = Debug|Any CPU
		{392C2AE5-3D5C-49A9-BC78-FD8CD7CA56A5}.Debug|Any CPU.Build.0 = Debug|Any CPU
		{392C2AE5-3D5C-49A9-BC78-FD8CD7CA56A5}.Release|Any CPU.ActiveCfg = Release|Any CPU
		{392C2AE5-3D5C-49A9-BC78-FD8CD7CA56A5}.Release|Any CPU.Build.0 = Release|Any CPU
		{9DA53774-93C8-4CD6-9432-7FE37FCDF0FE}.Debug|Any CPU.ActiveCfg = Debug|Any CPU
		{9DA53774-93C8-4CD6-9432-7FE37FCDF0FE}.Debug|Any CPU.Build.0 = Debug|Any CPU
		{9DA53774-93C8-4CD6-9432-7FE37FCDF0FE}.Release|Any CPU.ActiveCfg = Release|Any CPU
		{9DA53774-93C8-4CD6-9432-7FE37FCDF0FE}.Release|Any CPU.Build.0 = Release|Any CPU
		{5D801CDF-131E-424B-B0C2-1A1F5371E41A}.Debug|Any CPU.ActiveCfg = Debug|Any CPU
		{5D801CDF-131E-424B-B0C2-1A1F5371E41A}.Debug|Any CPU.Build.0 = Debug|Any CPU
		{5D801CDF-131E-424B-B0C2-1A1F5371E41A}.Release|Any CPU.ActiveCfg = Release|Any CPU
		{5D801CDF-131E-424B-B0C2-1A1F5371E41A}.Release|Any CPU.Build.0 = Release|Any CPU
		{33FD9E5B-0ED8-45E1-AAB3-02E249ED85A2}.Debug|Any CPU.ActiveCfg = Debug|Any CPU
		{33FD9E5B-0ED8-45E1-AAB3-02E249ED85A2}.Debug|Any CPU.Build.0 = Debug|Any CPU
		{33FD9E5B-0ED8-45E1-AAB3-02E249ED85A2}.Release|Any CPU.ActiveCfg = Release|Any CPU
		{33FD9E5B-0ED8-45E1-AAB3-02E249ED85A2}.Release|Any CPU.Build.0 = Release|Any CPU
		{1FE64E0C-98FB-4102-AE95-3BDA6561C9A4}.Debug|Any CPU.ActiveCfg = Debug|Any CPU
		{1FE64E0C-98FB-4102-AE95-3BDA6561C9A4}.Debug|Any CPU.Build.0 = Debug|Any CPU
		{1FE64E0C-98FB-4102-AE95-3BDA6561C9A4}.Release|Any CPU.ActiveCfg = Release|Any CPU
		{1FE64E0C-98FB-4102-AE95-3BDA6561C9A4}.Release|Any CPU.Build.0 = Release|Any CPU
		{2EB12BD4-2227-46E2-8996-860672121D46}.Debug|Any CPU.ActiveCfg = Debug|Any CPU
		{2EB12BD4-2227-46E2-8996-860672121D46}.Debug|Any CPU.Build.0 = Debug|Any CPU
		{2EB12BD4-2227-46E2-8996-860672121D46}.Release|Any CPU.ActiveCfg = Release|Any CPU
		{2EB12BD4-2227-46E2-8996-860672121D46}.Release|Any CPU.Build.0 = Release|Any CPU
		{8E7F466A-6935-4A7D-88C0-8B7D9E34F51E}.Debug|Any CPU.ActiveCfg = Debug|Any CPU
		{8E7F466A-6935-4A7D-88C0-8B7D9E34F51E}.Debug|Any CPU.Build.0 = Debug|Any CPU
		{8E7F466A-6935-4A7D-88C0-8B7D9E34F51E}.Release|Any CPU.ActiveCfg = Release|Any CPU
		{8E7F466A-6935-4A7D-88C0-8B7D9E34F51E}.Release|Any CPU.Build.0 = Release|Any CPU
		{D3D53F37-5519-4B51-8D3A-D55E00200CA3}.Debug|Any CPU.ActiveCfg = Debug|Any CPU
		{D3D53F37-5519-4B51-8D3A-D55E00200CA3}.Debug|Any CPU.Build.0 = Debug|Any CPU
		{D3D53F37-5519-4B51-8D3A-D55E00200CA3}.Release|Any CPU.ActiveCfg = Release|Any CPU
		{D3D53F37-5519-4B51-8D3A-D55E00200CA3}.Release|Any CPU.Build.0 = Release|Any CPU
		{38FAA1C7-9E5F-4827-9282-3B7336310E3D}.Debug|Any CPU.ActiveCfg = Debug|Any CPU
		{38FAA1C7-9E5F-4827-9282-3B7336310E3D}.Debug|Any CPU.Build.0 = Debug|Any CPU
		{38FAA1C7-9E5F-4827-9282-3B7336310E3D}.Release|Any CPU.ActiveCfg = Release|Any CPU
		{38FAA1C7-9E5F-4827-9282-3B7336310E3D}.Release|Any CPU.Build.0 = Release|Any CPU
		{896CD7DE-27B2-41AB-9F9D-8A396E88D947}.Debug|Any CPU.ActiveCfg = Debug|Any CPU
		{896CD7DE-27B2-41AB-9F9D-8A396E88D947}.Debug|Any CPU.Build.0 = Debug|Any CPU
		{896CD7DE-27B2-41AB-9F9D-8A396E88D947}.Release|Any CPU.ActiveCfg = Release|Any CPU
		{896CD7DE-27B2-41AB-9F9D-8A396E88D947}.Release|Any CPU.Build.0 = Release|Any CPU
		{7983A49C-99F5-4DF0-A9C6-2EB82DAAC58D}.Debug|Any CPU.ActiveCfg = Debug|Any CPU
		{7983A49C-99F5-4DF0-A9C6-2EB82DAAC58D}.Debug|Any CPU.Build.0 = Debug|Any CPU
		{7983A49C-99F5-4DF0-A9C6-2EB82DAAC58D}.Release|Any CPU.ActiveCfg = Release|Any CPU
		{7983A49C-99F5-4DF0-A9C6-2EB82DAAC58D}.Release|Any CPU.Build.0 = Release|Any CPU
		{5D58360A-C28D-4B99-9625-727DFB0ADA01}.Debug|Any CPU.ActiveCfg = Debug|Any CPU
		{5D58360A-C28D-4B99-9625-727DFB0ADA01}.Debug|Any CPU.Build.0 = Debug|Any CPU
		{5D58360A-C28D-4B99-9625-727DFB0ADA01}.Release|Any CPU.ActiveCfg = Release|Any CPU
		{5D58360A-C28D-4B99-9625-727DFB0ADA01}.Release|Any CPU.Build.0 = Release|Any CPU
		{75AAB0A8-AA5A-4DC4-B319-CB6F3D701418}.Debug|Any CPU.ActiveCfg = Debug|Any CPU
		{75AAB0A8-AA5A-4DC4-B319-CB6F3D701418}.Debug|Any CPU.Build.0 = Debug|Any CPU
		{75AAB0A8-AA5A-4DC4-B319-CB6F3D701418}.Release|Any CPU.ActiveCfg = Release|Any CPU
		{75AAB0A8-AA5A-4DC4-B319-CB6F3D701418}.Release|Any CPU.Build.0 = Release|Any CPU
		{1EC22B90-9AB8-4C78-8B13-BC5B592A4E9D}.Debug|Any CPU.ActiveCfg = Debug|Any CPU
		{1EC22B90-9AB8-4C78-8B13-BC5B592A4E9D}.Debug|Any CPU.Build.0 = Debug|Any CPU
		{1EC22B90-9AB8-4C78-8B13-BC5B592A4E9D}.Release|Any CPU.ActiveCfg = Release|Any CPU
		{1EC22B90-9AB8-4C78-8B13-BC5B592A4E9D}.Release|Any CPU.Build.0 = Release|Any CPU
		{2D6566C2-BC9F-444B-A34E-DBD1B0F9166A}.Debug|Any CPU.ActiveCfg = Debug|Any CPU
		{2D6566C2-BC9F-444B-A34E-DBD1B0F9166A}.Debug|Any CPU.Build.0 = Debug|Any CPU
		{2D6566C2-BC9F-444B-A34E-DBD1B0F9166A}.Release|Any CPU.ActiveCfg = Release|Any CPU
		{2D6566C2-BC9F-444B-A34E-DBD1B0F9166A}.Release|Any CPU.Build.0 = Release|Any CPU
		{DF409C4E-F033-45D1-9AC5-2CA0E83CC66D}.Debug|Any CPU.ActiveCfg = Debug|Any CPU
		{DF409C4E-F033-45D1-9AC5-2CA0E83CC66D}.Debug|Any CPU.Build.0 = Debug|Any CPU
		{DF409C4E-F033-45D1-9AC5-2CA0E83CC66D}.Release|Any CPU.ActiveCfg = Release|Any CPU
		{DF409C4E-F033-45D1-9AC5-2CA0E83CC66D}.Release|Any CPU.Build.0 = Release|Any CPU
		{80ADD78F-D853-4A28-B5E7-AFF79F21D71D}.Debug|Any CPU.ActiveCfg = Debug|Any CPU
		{80ADD78F-D853-4A28-B5E7-AFF79F21D71D}.Debug|Any CPU.Build.0 = Debug|Any CPU
		{80ADD78F-D853-4A28-B5E7-AFF79F21D71D}.Release|Any CPU.ActiveCfg = Release|Any CPU
		{80ADD78F-D853-4A28-B5E7-AFF79F21D71D}.Release|Any CPU.Build.0 = Release|Any CPU
		{21317F1F-560A-4132-AE12-D984678BAD6D}.Debug|Any CPU.ActiveCfg = Debug|Any CPU
		{21317F1F-560A-4132-AE12-D984678BAD6D}.Debug|Any CPU.Build.0 = Debug|Any CPU
		{21317F1F-560A-4132-AE12-D984678BAD6D}.Release|Any CPU.ActiveCfg = Release|Any CPU
		{21317F1F-560A-4132-AE12-D984678BAD6D}.Release|Any CPU.Build.0 = Release|Any CPU
		{DF7B66D1-A7DB-469B-BD71-32EDBCC861E6}.Debug|Any CPU.ActiveCfg = Debug|Any CPU
		{DF7B66D1-A7DB-469B-BD71-32EDBCC861E6}.Debug|Any CPU.Build.0 = Debug|Any CPU
		{DF7B66D1-A7DB-469B-BD71-32EDBCC861E6}.Release|Any CPU.ActiveCfg = Release|Any CPU
		{DF7B66D1-A7DB-469B-BD71-32EDBCC861E6}.Release|Any CPU.Build.0 = Release|Any CPU
		{FCF7DC76-9CA9-463E-989C-967BD169A53D}.Debug|Any CPU.ActiveCfg = Debug|Any CPU
		{FCF7DC76-9CA9-463E-989C-967BD169A53D}.Debug|Any CPU.Build.0 = Debug|Any CPU
		{FCF7DC76-9CA9-463E-989C-967BD169A53D}.Release|Any CPU.ActiveCfg = Release|Any CPU
		{FCF7DC76-9CA9-463E-989C-967BD169A53D}.Release|Any CPU.Build.0 = Release|Any CPU
		{DC0B00DF-CA48-4132-A310-852752ED605A}.Debug|Any CPU.ActiveCfg = Debug|Any CPU
		{DC0B00DF-CA48-4132-A310-852752ED605A}.Debug|Any CPU.Build.0 = Debug|Any CPU
		{DC0B00DF-CA48-4132-A310-852752ED605A}.Release|Any CPU.ActiveCfg = Release|Any CPU
		{DC0B00DF-CA48-4132-A310-852752ED605A}.Release|Any CPU.Build.0 = Release|Any CPU
		{E158B329-B881-4AAF-B4E9-AD6849DC1BB4}.Debug|Any CPU.ActiveCfg = Debug|Any CPU
		{E158B329-B881-4AAF-B4E9-AD6849DC1BB4}.Debug|Any CPU.Build.0 = Debug|Any CPU
		{E158B329-B881-4AAF-B4E9-AD6849DC1BB4}.Release|Any CPU.ActiveCfg = Release|Any CPU
		{E158B329-B881-4AAF-B4E9-AD6849DC1BB4}.Release|Any CPU.Build.0 = Release|Any CPU
		{FFD71363-020F-45D7-A25D-C4AFF973DFDC}.Debug|Any CPU.ActiveCfg = Debug|Any CPU
		{FFD71363-020F-45D7-A25D-C4AFF973DFDC}.Debug|Any CPU.Build.0 = Debug|Any CPU
		{FFD71363-020F-45D7-A25D-C4AFF973DFDC}.Release|Any CPU.ActiveCfg = Release|Any CPU
		{FFD71363-020F-45D7-A25D-C4AFF973DFDC}.Release|Any CPU.Build.0 = Release|Any CPU
		{DB7CA254-C185-4769-8576-5C13ACA4FBCD}.Debug|Any CPU.ActiveCfg = Debug|Any CPU
		{DB7CA254-C185-4769-8576-5C13ACA4FBCD}.Debug|Any CPU.Build.0 = Debug|Any CPU
		{DB7CA254-C185-4769-8576-5C13ACA4FBCD}.Release|Any CPU.ActiveCfg = Release|Any CPU
		{DB7CA254-C185-4769-8576-5C13ACA4FBCD}.Release|Any CPU.Build.0 = Release|Any CPU
		{F849EF86-0A8E-43DD-983D-C3EA2F1F2394}.Debug|Any CPU.ActiveCfg = Debug|Any CPU
		{F849EF86-0A8E-43DD-983D-C3EA2F1F2394}.Debug|Any CPU.Build.0 = Debug|Any CPU
		{F849EF86-0A8E-43DD-983D-C3EA2F1F2394}.Release|Any CPU.ActiveCfg = Release|Any CPU
		{F849EF86-0A8E-43DD-983D-C3EA2F1F2394}.Release|Any CPU.Build.0 = Release|Any CPU
		{D6A10ED9-D24B-443A-AB4B-3296C9FC1AEC}.Debug|Any CPU.ActiveCfg = Debug|Any CPU
		{D6A10ED9-D24B-443A-AB4B-3296C9FC1AEC}.Debug|Any CPU.Build.0 = Debug|Any CPU
		{D6A10ED9-D24B-443A-AB4B-3296C9FC1AEC}.Release|Any CPU.ActiveCfg = Release|Any CPU
		{D6A10ED9-D24B-443A-AB4B-3296C9FC1AEC}.Release|Any CPU.Build.0 = Release|Any CPU
		{843AC1D9-4326-48F3-BCF0-CDDE9D4DE9C6}.Debug|Any CPU.ActiveCfg = Debug|Any CPU
		{843AC1D9-4326-48F3-BCF0-CDDE9D4DE9C6}.Debug|Any CPU.Build.0 = Debug|Any CPU
		{843AC1D9-4326-48F3-BCF0-CDDE9D4DE9C6}.Release|Any CPU.ActiveCfg = Release|Any CPU
		{843AC1D9-4326-48F3-BCF0-CDDE9D4DE9C6}.Release|Any CPU.Build.0 = Release|Any CPU
		{62F69AF4-4603-4558-B708-5E6EE6EC39CA}.Debug|Any CPU.ActiveCfg = Debug|Any CPU
		{62F69AF4-4603-4558-B708-5E6EE6EC39CA}.Debug|Any CPU.Build.0 = Debug|Any CPU
		{62F69AF4-4603-4558-B708-5E6EE6EC39CA}.Release|Any CPU.ActiveCfg = Release|Any CPU
		{62F69AF4-4603-4558-B708-5E6EE6EC39CA}.Release|Any CPU.Build.0 = Release|Any CPU
		{88645E6A-7DD1-4D61-A388-157E2570D6C2}.Debug|Any CPU.ActiveCfg = Debug|Any CPU
		{88645E6A-7DD1-4D61-A388-157E2570D6C2}.Debug|Any CPU.Build.0 = Debug|Any CPU
		{88645E6A-7DD1-4D61-A388-157E2570D6C2}.Release|Any CPU.ActiveCfg = Release|Any CPU
		{88645E6A-7DD1-4D61-A388-157E2570D6C2}.Release|Any CPU.Build.0 = Release|Any CPU
		{46F00DDB-CE46-431B-AC4A-0ACCDDED1127}.Debug|Any CPU.ActiveCfg = Debug|Any CPU
		{46F00DDB-CE46-431B-AC4A-0ACCDDED1127}.Debug|Any CPU.Build.0 = Debug|Any CPU
		{46F00DDB-CE46-431B-AC4A-0ACCDDED1127}.Release|Any CPU.ActiveCfg = Release|Any CPU
		{46F00DDB-CE46-431B-AC4A-0ACCDDED1127}.Release|Any CPU.Build.0 = Release|Any CPU
		{8D5F9605-1D9D-448E-8A99-6A243BFFCA41}.Debug|Any CPU.ActiveCfg = Debug|Any CPU
		{8D5F9605-1D9D-448E-8A99-6A243BFFCA41}.Debug|Any CPU.Build.0 = Debug|Any CPU
		{8D5F9605-1D9D-448E-8A99-6A243BFFCA41}.Release|Any CPU.ActiveCfg = Release|Any CPU
		{8D5F9605-1D9D-448E-8A99-6A243BFFCA41}.Release|Any CPU.Build.0 = Release|Any CPU
		{55B93499-4234-4226-A4B1-741969A7879E}.Debug|Any CPU.ActiveCfg = Debug|Any CPU
		{55B93499-4234-4226-A4B1-741969A7879E}.Debug|Any CPU.Build.0 = Debug|Any CPU
		{55B93499-4234-4226-A4B1-741969A7879E}.Release|Any CPU.ActiveCfg = Release|Any CPU
		{55B93499-4234-4226-A4B1-741969A7879E}.Release|Any CPU.Build.0 = Release|Any CPU
		{5526134E-6D48-4EEF-BBDE-C2BD599AC794}.Debug|Any CPU.ActiveCfg = Debug|Any CPU
		{5526134E-6D48-4EEF-BBDE-C2BD599AC794}.Debug|Any CPU.Build.0 = Debug|Any CPU
		{5526134E-6D48-4EEF-BBDE-C2BD599AC794}.Release|Any CPU.ActiveCfg = Release|Any CPU
		{5526134E-6D48-4EEF-BBDE-C2BD599AC794}.Release|Any CPU.Build.0 = Release|Any CPU
		{B1EA66EB-3C0D-470B-9400-58E60A9C92F6}.Debug|Any CPU.ActiveCfg = Debug|Any CPU
		{B1EA66EB-3C0D-470B-9400-58E60A9C92F6}.Debug|Any CPU.Build.0 = Debug|Any CPU
		{B1EA66EB-3C0D-470B-9400-58E60A9C92F6}.Release|Any CPU.ActiveCfg = Release|Any CPU
		{B1EA66EB-3C0D-470B-9400-58E60A9C92F6}.Release|Any CPU.Build.0 = Release|Any CPU
		{64879B4E-5544-4FA1-B46F-C477EFCE3329}.Debug|Any CPU.ActiveCfg = Debug|Any CPU
		{64879B4E-5544-4FA1-B46F-C477EFCE3329}.Debug|Any CPU.Build.0 = Debug|Any CPU
		{64879B4E-5544-4FA1-B46F-C477EFCE3329}.Release|Any CPU.ActiveCfg = Release|Any CPU
		{64879B4E-5544-4FA1-B46F-C477EFCE3329}.Release|Any CPU.Build.0 = Release|Any CPU
		{F80C4422-C87E-44BE-9CC7-6329A0951078}.Debug|Any CPU.ActiveCfg = Debug|Any CPU
		{F80C4422-C87E-44BE-9CC7-6329A0951078}.Debug|Any CPU.Build.0 = Debug|Any CPU
		{F80C4422-C87E-44BE-9CC7-6329A0951078}.Release|Any CPU.ActiveCfg = Release|Any CPU
		{F80C4422-C87E-44BE-9CC7-6329A0951078}.Release|Any CPU.Build.0 = Release|Any CPU
		{6988969E-3E2A-480A-A04E-D953CA9E9BCE}.Debug|Any CPU.ActiveCfg = Debug|Any CPU
		{6988969E-3E2A-480A-A04E-D953CA9E9BCE}.Debug|Any CPU.Build.0 = Debug|Any CPU
		{6988969E-3E2A-480A-A04E-D953CA9E9BCE}.Release|Any CPU.ActiveCfg = Release|Any CPU
		{6988969E-3E2A-480A-A04E-D953CA9E9BCE}.Release|Any CPU.Build.0 = Release|Any CPU
		{3910D187-D254-4369-A467-428D3A00CE5D}.Debug|Any CPU.ActiveCfg = Debug|Any CPU
		{3910D187-D254-4369-A467-428D3A00CE5D}.Debug|Any CPU.Build.0 = Debug|Any CPU
		{3910D187-D254-4369-A467-428D3A00CE5D}.Release|Any CPU.ActiveCfg = Release|Any CPU
		{3910D187-D254-4369-A467-428D3A00CE5D}.Release|Any CPU.Build.0 = Release|Any CPU
		{FBBBFED7-AEBB-49B7-80EA-2B2B66D86087}.Debug|Any CPU.ActiveCfg = Debug|Any CPU
		{FBBBFED7-AEBB-49B7-80EA-2B2B66D86087}.Debug|Any CPU.Build.0 = Debug|Any CPU
		{FBBBFED7-AEBB-49B7-80EA-2B2B66D86087}.Release|Any CPU.ActiveCfg = Release|Any CPU
		{FBBBFED7-AEBB-49B7-80EA-2B2B66D86087}.Release|Any CPU.Build.0 = Release|Any CPU
		{12604FD2-D0A6-4D7B-B127-2DB2F923CB7F}.Debug|Any CPU.ActiveCfg = Debug|Any CPU
		{12604FD2-D0A6-4D7B-B127-2DB2F923CB7F}.Debug|Any CPU.Build.0 = Debug|Any CPU
		{12604FD2-D0A6-4D7B-B127-2DB2F923CB7F}.Release|Any CPU.ActiveCfg = Release|Any CPU
		{12604FD2-D0A6-4D7B-B127-2DB2F923CB7F}.Release|Any CPU.Build.0 = Release|Any CPU
		{571177C5-106F-4511-B5FB-D0886D4376E0}.Debug|Any CPU.ActiveCfg = Debug|Any CPU
		{571177C5-106F-4511-B5FB-D0886D4376E0}.Debug|Any CPU.Build.0 = Debug|Any CPU
		{571177C5-106F-4511-B5FB-D0886D4376E0}.Release|Any CPU.ActiveCfg = Release|Any CPU
		{571177C5-106F-4511-B5FB-D0886D4376E0}.Release|Any CPU.Build.0 = Release|Any CPU
		{4724D2B9-D645-44A0-9CCC-F170862D16F0}.Debug|Any CPU.ActiveCfg = Debug|Any CPU
		{4724D2B9-D645-44A0-9CCC-F170862D16F0}.Debug|Any CPU.Build.0 = Debug|Any CPU
		{4724D2B9-D645-44A0-9CCC-F170862D16F0}.Release|Any CPU.ActiveCfg = Release|Any CPU
		{4724D2B9-D645-44A0-9CCC-F170862D16F0}.Release|Any CPU.Build.0 = Release|Any CPU
		{058CAF8D-3FA2-4EBB-A71F-C9D2F0990835}.Debug|Any CPU.ActiveCfg = Debug|Any CPU
		{058CAF8D-3FA2-4EBB-A71F-C9D2F0990835}.Debug|Any CPU.Build.0 = Debug|Any CPU
		{058CAF8D-3FA2-4EBB-A71F-C9D2F0990835}.Release|Any CPU.ActiveCfg = Release|Any CPU
		{058CAF8D-3FA2-4EBB-A71F-C9D2F0990835}.Release|Any CPU.Build.0 = Release|Any CPU
		{B12FBEA4-4E03-4A28-BB2B-0C30287D3E15}.Debug|Any CPU.ActiveCfg = Debug|Any CPU
		{B12FBEA4-4E03-4A28-BB2B-0C30287D3E15}.Debug|Any CPU.Build.0 = Debug|Any CPU
		{B12FBEA4-4E03-4A28-BB2B-0C30287D3E15}.Release|Any CPU.ActiveCfg = Release|Any CPU
		{B12FBEA4-4E03-4A28-BB2B-0C30287D3E15}.Release|Any CPU.Build.0 = Release|Any CPU
		{B2DD2777-0C14-4B6E-88ED-D4FEDBC4D8F9}.Debug|Any CPU.ActiveCfg = Debug|Any CPU
		{B2DD2777-0C14-4B6E-88ED-D4FEDBC4D8F9}.Debug|Any CPU.Build.0 = Debug|Any CPU
		{B2DD2777-0C14-4B6E-88ED-D4FEDBC4D8F9}.Release|Any CPU.ActiveCfg = Release|Any CPU
		{B2DD2777-0C14-4B6E-88ED-D4FEDBC4D8F9}.Release|Any CPU.Build.0 = Release|Any CPU
		{6EB0913D-AB6D-4F79-BF87-FB3B418E7FD5}.Debug|Any CPU.ActiveCfg = Debug|Any CPU
		{6EB0913D-AB6D-4F79-BF87-FB3B418E7FD5}.Debug|Any CPU.Build.0 = Debug|Any CPU
		{6EB0913D-AB6D-4F79-BF87-FB3B418E7FD5}.Release|Any CPU.ActiveCfg = Release|Any CPU
		{6EB0913D-AB6D-4F79-BF87-FB3B418E7FD5}.Release|Any CPU.Build.0 = Release|Any CPU
		{CF90F068-517E-46EC-AE13-47947E79E7CF}.Debug|Any CPU.ActiveCfg = Debug|Any CPU
		{CF90F068-517E-46EC-AE13-47947E79E7CF}.Debug|Any CPU.Build.0 = Debug|Any CPU
		{CF90F068-517E-46EC-AE13-47947E79E7CF}.Release|Any CPU.ActiveCfg = Release|Any CPU
		{CF90F068-517E-46EC-AE13-47947E79E7CF}.Release|Any CPU.Build.0 = Release|Any CPU
		{A330B7BB-98E7-4952-9D6E-0A0C08B9E1F8}.Debug|Any CPU.ActiveCfg = Debug|Any CPU
		{A330B7BB-98E7-4952-9D6E-0A0C08B9E1F8}.Debug|Any CPU.Build.0 = Debug|Any CPU
		{A330B7BB-98E7-4952-9D6E-0A0C08B9E1F8}.Release|Any CPU.ActiveCfg = Release|Any CPU
		{A330B7BB-98E7-4952-9D6E-0A0C08B9E1F8}.Release|Any CPU.Build.0 = Release|Any CPU
		{A9BF6528-7A7D-443B-AF42-C6197ACD3DBC}.Debug|Any CPU.ActiveCfg = Debug|Any CPU
		{A9BF6528-7A7D-443B-AF42-C6197ACD3DBC}.Debug|Any CPU.Build.0 = Debug|Any CPU
		{A9BF6528-7A7D-443B-AF42-C6197ACD3DBC}.Release|Any CPU.ActiveCfg = Release|Any CPU
		{A9BF6528-7A7D-443B-AF42-C6197ACD3DBC}.Release|Any CPU.Build.0 = Release|Any CPU
		{D8523552-0BE2-455C-A7FC-B0BE04188941}.Debug|Any CPU.ActiveCfg = Debug|Any CPU
		{D8523552-0BE2-455C-A7FC-B0BE04188941}.Debug|Any CPU.Build.0 = Debug|Any CPU
		{D8523552-0BE2-455C-A7FC-B0BE04188941}.Release|Any CPU.ActiveCfg = Release|Any CPU
		{D8523552-0BE2-455C-A7FC-B0BE04188941}.Release|Any CPU.Build.0 = Release|Any CPU
		{44961AC7-C900-4641-9AB5-40101FB5CD4C}.Debug|Any CPU.ActiveCfg = Debug|Any CPU
		{44961AC7-C900-4641-9AB5-40101FB5CD4C}.Debug|Any CPU.Build.0 = Debug|Any CPU
		{44961AC7-C900-4641-9AB5-40101FB5CD4C}.Release|Any CPU.ActiveCfg = Release|Any CPU
		{44961AC7-C900-4641-9AB5-40101FB5CD4C}.Release|Any CPU.Build.0 = Release|Any CPU
		{BEA64A26-BCA6-48CF-BEE7-EBBD70487F96}.Debug|Any CPU.ActiveCfg = Debug|Any CPU
		{BEA64A26-BCA6-48CF-BEE7-EBBD70487F96}.Debug|Any CPU.Build.0 = Debug|Any CPU
		{BEA64A26-BCA6-48CF-BEE7-EBBD70487F96}.Release|Any CPU.ActiveCfg = Release|Any CPU
		{BEA64A26-BCA6-48CF-BEE7-EBBD70487F96}.Release|Any CPU.Build.0 = Release|Any CPU
		{75C565CC-7B93-4D12-B0AD-69237C4FB6DB}.Debug|Any CPU.ActiveCfg = Debug|Any CPU
		{75C565CC-7B93-4D12-B0AD-69237C4FB6DB}.Debug|Any CPU.Build.0 = Debug|Any CPU
		{75C565CC-7B93-4D12-B0AD-69237C4FB6DB}.Release|Any CPU.ActiveCfg = Release|Any CPU
		{75C565CC-7B93-4D12-B0AD-69237C4FB6DB}.Release|Any CPU.Build.0 = Release|Any CPU
		{6267D53D-318B-48DD-A0FB-B4938649E110}.Debug|Any CPU.ActiveCfg = Debug|Any CPU
		{6267D53D-318B-48DD-A0FB-B4938649E110}.Debug|Any CPU.Build.0 = Debug|Any CPU
		{6267D53D-318B-48DD-A0FB-B4938649E110}.Release|Any CPU.ActiveCfg = Release|Any CPU
		{6267D53D-318B-48DD-A0FB-B4938649E110}.Release|Any CPU.Build.0 = Release|Any CPU
		{D8C08277-19FA-453D-ADB7-0186F972CD43}.Debug|Any CPU.ActiveCfg = Debug|Any CPU
		{D8C08277-19FA-453D-ADB7-0186F972CD43}.Debug|Any CPU.Build.0 = Debug|Any CPU
		{D8C08277-19FA-453D-ADB7-0186F972CD43}.Release|Any CPU.ActiveCfg = Release|Any CPU
		{D8C08277-19FA-453D-ADB7-0186F972CD43}.Release|Any CPU.Build.0 = Release|Any CPU
		{6FE0A7C2-25D4-4C67-8393-0ACEA907C2E5}.Debug|Any CPU.ActiveCfg = Debug|Any CPU
		{6FE0A7C2-25D4-4C67-8393-0ACEA907C2E5}.Debug|Any CPU.Build.0 = Debug|Any CPU
		{6FE0A7C2-25D4-4C67-8393-0ACEA907C2E5}.Release|Any CPU.ActiveCfg = Release|Any CPU
		{6FE0A7C2-25D4-4C67-8393-0ACEA907C2E5}.Release|Any CPU.Build.0 = Release|Any CPU
		{A387B4CE-0B8D-4A3E-8712-07782A1BD690}.Debug|Any CPU.ActiveCfg = Debug|Any CPU
		{A387B4CE-0B8D-4A3E-8712-07782A1BD690}.Debug|Any CPU.Build.0 = Debug|Any CPU
		{A387B4CE-0B8D-4A3E-8712-07782A1BD690}.Release|Any CPU.ActiveCfg = Release|Any CPU
		{A387B4CE-0B8D-4A3E-8712-07782A1BD690}.Release|Any CPU.Build.0 = Release|Any CPU
		{2FCB57B4-8F61-4404-9653-345D8026DB1A}.Debug|Any CPU.ActiveCfg = Debug|Any CPU
		{2FCB57B4-8F61-4404-9653-345D8026DB1A}.Debug|Any CPU.Build.0 = Debug|Any CPU
		{2FCB57B4-8F61-4404-9653-345D8026DB1A}.Release|Any CPU.ActiveCfg = Release|Any CPU
		{2FCB57B4-8F61-4404-9653-345D8026DB1A}.Release|Any CPU.Build.0 = Release|Any CPU
		{3FF66394-BE6E-4C3C-A8B2-E5009DAE9BC8}.Debug|Any CPU.ActiveCfg = Debug|Any CPU
		{3FF66394-BE6E-4C3C-A8B2-E5009DAE9BC8}.Debug|Any CPU.Build.0 = Debug|Any CPU
		{3FF66394-BE6E-4C3C-A8B2-E5009DAE9BC8}.Release|Any CPU.ActiveCfg = Release|Any CPU
		{3FF66394-BE6E-4C3C-A8B2-E5009DAE9BC8}.Release|Any CPU.Build.0 = Release|Any CPU
		{6F5865B0-259C-4618-8EEA-270F87627D67}.Debug|Any CPU.ActiveCfg = Debug|Any CPU
		{6F5865B0-259C-4618-8EEA-270F87627D67}.Debug|Any CPU.Build.0 = Debug|Any CPU
		{6F5865B0-259C-4618-8EEA-270F87627D67}.Release|Any CPU.ActiveCfg = Release|Any CPU
		{6F5865B0-259C-4618-8EEA-270F87627D67}.Release|Any CPU.Build.0 = Release|Any CPU
		{F6D22A9D-0B42-401D-AEA7-FCD3B42F50C5}.Debug|Any CPU.ActiveCfg = Debug|Any CPU
		{F6D22A9D-0B42-401D-AEA7-FCD3B42F50C5}.Debug|Any CPU.Build.0 = Debug|Any CPU
		{F6D22A9D-0B42-401D-AEA7-FCD3B42F50C5}.Release|Any CPU.ActiveCfg = Release|Any CPU
		{F6D22A9D-0B42-401D-AEA7-FCD3B42F50C5}.Release|Any CPU.Build.0 = Release|Any CPU
		{E7DB9A27-C027-4A61-BFD9-0432132AFC60}.Debug|Any CPU.ActiveCfg = Debug|Any CPU
		{E7DB9A27-C027-4A61-BFD9-0432132AFC60}.Debug|Any CPU.Build.0 = Debug|Any CPU
		{E7DB9A27-C027-4A61-BFD9-0432132AFC60}.Release|Any CPU.ActiveCfg = Release|Any CPU
		{E7DB9A27-C027-4A61-BFD9-0432132AFC60}.Release|Any CPU.Build.0 = Release|Any CPU
		{66EF8D4E-2976-460B-806D-1E7125E01A9E}.Debug|Any CPU.ActiveCfg = Debug|Any CPU
		{66EF8D4E-2976-460B-806D-1E7125E01A9E}.Debug|Any CPU.Build.0 = Debug|Any CPU
		{66EF8D4E-2976-460B-806D-1E7125E01A9E}.Release|Any CPU.ActiveCfg = Release|Any CPU
		{66EF8D4E-2976-460B-806D-1E7125E01A9E}.Release|Any CPU.Build.0 = Release|Any CPU
		{EB7EB54A-9E9C-4D6A-B187-26A4F457C787}.Debug|Any CPU.ActiveCfg = Debug|Any CPU
		{EB7EB54A-9E9C-4D6A-B187-26A4F457C787}.Debug|Any CPU.Build.0 = Debug|Any CPU
		{EB7EB54A-9E9C-4D6A-B187-26A4F457C787}.Release|Any CPU.ActiveCfg = Release|Any CPU
		{EB7EB54A-9E9C-4D6A-B187-26A4F457C787}.Release|Any CPU.Build.0 = Release|Any CPU
		{AF47EB21-AFD6-47DA-9C36-C4BAC106C30F}.Debug|Any CPU.ActiveCfg = Debug|Any CPU
		{AF47EB21-AFD6-47DA-9C36-C4BAC106C30F}.Debug|Any CPU.Build.0 = Debug|Any CPU
		{AF47EB21-AFD6-47DA-9C36-C4BAC106C30F}.Release|Any CPU.ActiveCfg = Release|Any CPU
		{AF47EB21-AFD6-47DA-9C36-C4BAC106C30F}.Release|Any CPU.Build.0 = Release|Any CPU
		{4219A5B2-BF38-4B1F-B319-9FE430C5C41E}.Debug|Any CPU.ActiveCfg = Debug|Any CPU
		{4219A5B2-BF38-4B1F-B319-9FE430C5C41E}.Debug|Any CPU.Build.0 = Debug|Any CPU
		{4219A5B2-BF38-4B1F-B319-9FE430C5C41E}.Release|Any CPU.ActiveCfg = Release|Any CPU
		{4219A5B2-BF38-4B1F-B319-9FE430C5C41E}.Release|Any CPU.Build.0 = Release|Any CPU
		{A7FB5CE3-750D-4B1A-B112-C93743A1BEF2}.Debug|Any CPU.ActiveCfg = Debug|Any CPU
		{A7FB5CE3-750D-4B1A-B112-C93743A1BEF2}.Debug|Any CPU.Build.0 = Debug|Any CPU
		{A7FB5CE3-750D-4B1A-B112-C93743A1BEF2}.Release|Any CPU.ActiveCfg = Release|Any CPU
		{A7FB5CE3-750D-4B1A-B112-C93743A1BEF2}.Release|Any CPU.Build.0 = Release|Any CPU
		{4D28C430-AC43-4F64-AA1C-C3EF1CF20A20}.Debug|Any CPU.ActiveCfg = Debug|Any CPU
		{4D28C430-AC43-4F64-AA1C-C3EF1CF20A20}.Debug|Any CPU.Build.0 = Debug|Any CPU
		{4D28C430-AC43-4F64-AA1C-C3EF1CF20A20}.Release|Any CPU.ActiveCfg = Release|Any CPU
		{4D28C430-AC43-4F64-AA1C-C3EF1CF20A20}.Release|Any CPU.Build.0 = Release|Any CPU
		{6DF82FB2-8D12-4E88-8F28-C79E8D9C39BA}.Debug|Any CPU.ActiveCfg = Debug|Any CPU
		{6DF82FB2-8D12-4E88-8F28-C79E8D9C39BA}.Debug|Any CPU.Build.0 = Debug|Any CPU
		{6DF82FB2-8D12-4E88-8F28-C79E8D9C39BA}.Release|Any CPU.ActiveCfg = Release|Any CPU
		{6DF82FB2-8D12-4E88-8F28-C79E8D9C39BA}.Release|Any CPU.Build.0 = Release|Any CPU
		{E415C3F1-6929-43D9-95CF-CE2E9DCACA6C}.Debug|Any CPU.ActiveCfg = Debug|Any CPU
		{E415C3F1-6929-43D9-95CF-CE2E9DCACA6C}.Debug|Any CPU.Build.0 = Debug|Any CPU
		{E415C3F1-6929-43D9-95CF-CE2E9DCACA6C}.Release|Any CPU.ActiveCfg = Release|Any CPU
		{E415C3F1-6929-43D9-95CF-CE2E9DCACA6C}.Release|Any CPU.Build.0 = Release|Any CPU
		{22C4DF7D-AEE0-499D-9E20-807219423F2A}.Debug|Any CPU.ActiveCfg = Debug|Any CPU
		{22C4DF7D-AEE0-499D-9E20-807219423F2A}.Debug|Any CPU.Build.0 = Debug|Any CPU
		{22C4DF7D-AEE0-499D-9E20-807219423F2A}.Release|Any CPU.ActiveCfg = Release|Any CPU
		{22C4DF7D-AEE0-499D-9E20-807219423F2A}.Release|Any CPU.Build.0 = Release|Any CPU
		{99F22587-5274-4F2E-AE35-33F94611A8E9}.Debug|Any CPU.ActiveCfg = Debug|Any CPU
		{99F22587-5274-4F2E-AE35-33F94611A8E9}.Debug|Any CPU.Build.0 = Debug|Any CPU
		{99F22587-5274-4F2E-AE35-33F94611A8E9}.Release|Any CPU.ActiveCfg = Release|Any CPU
		{99F22587-5274-4F2E-AE35-33F94611A8E9}.Release|Any CPU.Build.0 = Release|Any CPU
		{308A10AA-8A9B-46CE-B0F0-B6D2AD49797D}.Debug|Any CPU.ActiveCfg = Debug|Any CPU
		{308A10AA-8A9B-46CE-B0F0-B6D2AD49797D}.Debug|Any CPU.Build.0 = Debug|Any CPU
		{308A10AA-8A9B-46CE-B0F0-B6D2AD49797D}.Release|Any CPU.ActiveCfg = Release|Any CPU
		{308A10AA-8A9B-46CE-B0F0-B6D2AD49797D}.Release|Any CPU.Build.0 = Release|Any CPU
		{BD15CF0E-B1F5-4C35-A6FD-5BC73713AC24}.Debug|Any CPU.ActiveCfg = Debug|Any CPU
		{BD15CF0E-B1F5-4C35-A6FD-5BC73713AC24}.Debug|Any CPU.Build.0 = Debug|Any CPU
		{BD15CF0E-B1F5-4C35-A6FD-5BC73713AC24}.Release|Any CPU.ActiveCfg = Release|Any CPU
		{BD15CF0E-B1F5-4C35-A6FD-5BC73713AC24}.Release|Any CPU.Build.0 = Release|Any CPU
		{7DCEDDD7-4E7A-4063-AD99-1F21155E5E8A}.Debug|Any CPU.ActiveCfg = Debug|Any CPU
		{7DCEDDD7-4E7A-4063-AD99-1F21155E5E8A}.Debug|Any CPU.Build.0 = Debug|Any CPU
		{7DCEDDD7-4E7A-4063-AD99-1F21155E5E8A}.Release|Any CPU.ActiveCfg = Release|Any CPU
		{7DCEDDD7-4E7A-4063-AD99-1F21155E5E8A}.Release|Any CPU.Build.0 = Release|Any CPU
		{0B4A0257-ACBE-4A77-ABA3-3581D8EB75CE}.Debug|Any CPU.ActiveCfg = Debug|Any CPU
		{0B4A0257-ACBE-4A77-ABA3-3581D8EB75CE}.Debug|Any CPU.Build.0 = Debug|Any CPU
		{0B4A0257-ACBE-4A77-ABA3-3581D8EB75CE}.Release|Any CPU.ActiveCfg = Release|Any CPU
		{0B4A0257-ACBE-4A77-ABA3-3581D8EB75CE}.Release|Any CPU.Build.0 = Release|Any CPU
		{3E1579EA-95D6-423C-9E9B-42093A2B8063}.Debug|Any CPU.ActiveCfg = Debug|Any CPU
		{3E1579EA-95D6-423C-9E9B-42093A2B8063}.Debug|Any CPU.Build.0 = Debug|Any CPU
		{3E1579EA-95D6-423C-9E9B-42093A2B8063}.Release|Any CPU.ActiveCfg = Release|Any CPU
		{3E1579EA-95D6-423C-9E9B-42093A2B8063}.Release|Any CPU.Build.0 = Release|Any CPU
		{60EBFD92-006A-4480-A538-AED3EDFAF5B2}.Debug|Any CPU.ActiveCfg = Debug|Any CPU
		{60EBFD92-006A-4480-A538-AED3EDFAF5B2}.Debug|Any CPU.Build.0 = Debug|Any CPU
		{60EBFD92-006A-4480-A538-AED3EDFAF5B2}.Release|Any CPU.ActiveCfg = Release|Any CPU
		{60EBFD92-006A-4480-A538-AED3EDFAF5B2}.Release|Any CPU.Build.0 = Release|Any CPU
		{669EBC9D-B086-4828-A00B-561800C45A08}.Debug|Any CPU.ActiveCfg = Debug|Any CPU
		{669EBC9D-B086-4828-A00B-561800C45A08}.Debug|Any CPU.Build.0 = Debug|Any CPU
		{669EBC9D-B086-4828-A00B-561800C45A08}.Release|Any CPU.ActiveCfg = Release|Any CPU
		{669EBC9D-B086-4828-A00B-561800C45A08}.Release|Any CPU.Build.0 = Release|Any CPU
		{1CEF7F9A-760B-4D3E-9F31-67AF9EABD032}.Debug|Any CPU.ActiveCfg = Debug|Any CPU
		{1CEF7F9A-760B-4D3E-9F31-67AF9EABD032}.Debug|Any CPU.Build.0 = Debug|Any CPU
		{1CEF7F9A-760B-4D3E-9F31-67AF9EABD032}.Release|Any CPU.ActiveCfg = Release|Any CPU
		{1CEF7F9A-760B-4D3E-9F31-67AF9EABD032}.Release|Any CPU.Build.0 = Release|Any CPU
		{7BE7F00F-E318-4A1E-9AF9-727AE8F70C90}.Debug|Any CPU.ActiveCfg = Debug|Any CPU
		{7BE7F00F-E318-4A1E-9AF9-727AE8F70C90}.Debug|Any CPU.Build.0 = Debug|Any CPU
		{7BE7F00F-E318-4A1E-9AF9-727AE8F70C90}.Release|Any CPU.ActiveCfg = Release|Any CPU
		{7BE7F00F-E318-4A1E-9AF9-727AE8F70C90}.Release|Any CPU.Build.0 = Release|Any CPU
		{34AD692C-5214-4387-88DC-0CA540184E50}.Debug|Any CPU.ActiveCfg = Debug|Any CPU
		{34AD692C-5214-4387-88DC-0CA540184E50}.Debug|Any CPU.Build.0 = Debug|Any CPU
		{34AD692C-5214-4387-88DC-0CA540184E50}.Release|Any CPU.ActiveCfg = Release|Any CPU
		{34AD692C-5214-4387-88DC-0CA540184E50}.Release|Any CPU.Build.0 = Release|Any CPU
		{72449159-2C9C-480A-9BB5-388CA4294514}.Debug|Any CPU.ActiveCfg = Debug|Any CPU
		{72449159-2C9C-480A-9BB5-388CA4294514}.Debug|Any CPU.Build.0 = Debug|Any CPU
		{72449159-2C9C-480A-9BB5-388CA4294514}.Release|Any CPU.ActiveCfg = Release|Any CPU
		{72449159-2C9C-480A-9BB5-388CA4294514}.Release|Any CPU.Build.0 = Release|Any CPU
		{F35913F9-C1F5-492C-BB53-9371E5127A69}.Debug|Any CPU.ActiveCfg = Debug|Any CPU
		{F35913F9-C1F5-492C-BB53-9371E5127A69}.Debug|Any CPU.Build.0 = Debug|Any CPU
		{F35913F9-C1F5-492C-BB53-9371E5127A69}.Release|Any CPU.ActiveCfg = Release|Any CPU
		{F35913F9-C1F5-492C-BB53-9371E5127A69}.Release|Any CPU.Build.0 = Release|Any CPU
		{A6A72F16-C811-402C-9657-DCA4B64E3516}.Debug|Any CPU.ActiveCfg = Debug|Any CPU
		{A6A72F16-C811-402C-9657-DCA4B64E3516}.Debug|Any CPU.Build.0 = Debug|Any CPU
		{A6A72F16-C811-402C-9657-DCA4B64E3516}.Release|Any CPU.ActiveCfg = Release|Any CPU
		{A6A72F16-C811-402C-9657-DCA4B64E3516}.Release|Any CPU.Build.0 = Release|Any CPU
		{FD049EE0-A72C-4ECC-A15C-5766CDA72455}.Debug|Any CPU.ActiveCfg = Debug|Any CPU
		{FD049EE0-A72C-4ECC-A15C-5766CDA72455}.Debug|Any CPU.Build.0 = Debug|Any CPU
		{FD049EE0-A72C-4ECC-A15C-5766CDA72455}.Release|Any CPU.ActiveCfg = Release|Any CPU
		{FD049EE0-A72C-4ECC-A15C-5766CDA72455}.Release|Any CPU.Build.0 = Release|Any CPU
		{D3D631DF-AEA3-44EA-8337-9A0DE835DC4E}.Debug|Any CPU.ActiveCfg = Debug|Any CPU
		{D3D631DF-AEA3-44EA-8337-9A0DE835DC4E}.Debug|Any CPU.Build.0 = Debug|Any CPU
		{D3D631DF-AEA3-44EA-8337-9A0DE835DC4E}.Release|Any CPU.ActiveCfg = Release|Any CPU
		{D3D631DF-AEA3-44EA-8337-9A0DE835DC4E}.Release|Any CPU.Build.0 = Release|Any CPU
		{3EA0D1D2-4D3F-4CAA-ACA7-DD4A6511D85F}.Debug|Any CPU.ActiveCfg = Debug|Any CPU
		{3EA0D1D2-4D3F-4CAA-ACA7-DD4A6511D85F}.Debug|Any CPU.Build.0 = Debug|Any CPU
		{3EA0D1D2-4D3F-4CAA-ACA7-DD4A6511D85F}.Release|Any CPU.ActiveCfg = Release|Any CPU
		{3EA0D1D2-4D3F-4CAA-ACA7-DD4A6511D85F}.Release|Any CPU.Build.0 = Release|Any CPU
		{4D22D686-8C49-4D77-BB1E-4D40CCF9E10D}.Debug|Any CPU.ActiveCfg = Debug|Any CPU
		{4D22D686-8C49-4D77-BB1E-4D40CCF9E10D}.Debug|Any CPU.Build.0 = Debug|Any CPU
		{4D22D686-8C49-4D77-BB1E-4D40CCF9E10D}.Release|Any CPU.ActiveCfg = Release|Any CPU
		{4D22D686-8C49-4D77-BB1E-4D40CCF9E10D}.Release|Any CPU.Build.0 = Release|Any CPU
		{B6B21347-AE02-4C62-A279-2A4BE64C603F}.Debug|Any CPU.ActiveCfg = Debug|Any CPU
		{B6B21347-AE02-4C62-A279-2A4BE64C603F}.Debug|Any CPU.Build.0 = Debug|Any CPU
		{B6B21347-AE02-4C62-A279-2A4BE64C603F}.Release|Any CPU.ActiveCfg = Release|Any CPU
		{B6B21347-AE02-4C62-A279-2A4BE64C603F}.Release|Any CPU.Build.0 = Release|Any CPU
		{9261B695-A9DA-4308-969C-337D4A05323F}.Debug|Any CPU.ActiveCfg = Debug|Any CPU
		{9261B695-A9DA-4308-969C-337D4A05323F}.Debug|Any CPU.Build.0 = Debug|Any CPU
		{9261B695-A9DA-4308-969C-337D4A05323F}.Release|Any CPU.ActiveCfg = Release|Any CPU
		{9261B695-A9DA-4308-969C-337D4A05323F}.Release|Any CPU.Build.0 = Release|Any CPU
		{EDAB4BA9-4653-4D71-B849-A0AB07606060}.Debug|Any CPU.ActiveCfg = Debug|Any CPU
		{EDAB4BA9-4653-4D71-B849-A0AB07606060}.Debug|Any CPU.Build.0 = Debug|Any CPU
		{EDAB4BA9-4653-4D71-B849-A0AB07606060}.Release|Any CPU.ActiveCfg = Release|Any CPU
		{EDAB4BA9-4653-4D71-B849-A0AB07606060}.Release|Any CPU.Build.0 = Release|Any CPU
		{A6D31431-12C3-4CEB-91D5-D98B96EC6A2B}.Debug|Any CPU.ActiveCfg = Debug|Any CPU
		{A6D31431-12C3-4CEB-91D5-D98B96EC6A2B}.Debug|Any CPU.Build.0 = Debug|Any CPU
		{A6D31431-12C3-4CEB-91D5-D98B96EC6A2B}.Release|Any CPU.ActiveCfg = Release|Any CPU
		{A6D31431-12C3-4CEB-91D5-D98B96EC6A2B}.Release|Any CPU.Build.0 = Release|Any CPU
	EndGlobalSection
	GlobalSection(SolutionProperties) = preSolution
		HideSolutionNode = FALSE
	EndGlobalSection
	GlobalSection(ExtensibilityGlobals) = postSolution
		SolutionGuid = {AA3F283D-735A-4CEE-BD6F-F7B8382169F9}
	EndGlobalSection
EndGlobal
